// !$*UTF8*$!
{
	archiveVersion = 1;
	classes = {
	};
	objectVersion = 55;
	objects = {

/* Begin PBXBuildFile section */
		040185BC291C0700003C0DB3 /* BuildingSearchResults.swift in Sources */ = {isa = PBXBuildFile; fileRef = 040185BB291C0700003C0DB3 /* BuildingSearchResults.swift */; };
		040185BE291C0795003C0DB3 /* OneBuildingResult.swift in Sources */ = {isa = PBXBuildFile; fileRef = 040185BD291C0795003C0DB3 /* OneBuildingResult.swift */; };
		045AFA44293511A800DA0229 /* SignOutButton.swift in Sources */ = {isa = PBXBuildFile; fileRef = 045AFA43293511A800DA0229 /* SignOutButton.swift */; };
		045C393F2914510E003BD700 /* Map in Frameworks */ = {isa = PBXBuildFile; productRef = 045C393E2914510E003BD700 /* Map */; };
		049E3F7C291D920F003D8ACB /* EndRouteButton.swift in Sources */ = {isa = PBXBuildFile; fileRef = 049E3F7B291D920F003D8ACB /* EndRouteButton.swift */; };
		049E3F7D291E14DE003D8ACB /* MainMapView.swift in Sources */ = {isa = PBXBuildFile; fileRef = 4C78EE8E28DE1F4400306D58 /* MainMapView.swift */; };
		04E4D01D2925367300DB02EB /* EtaButton.swift in Sources */ = {isa = PBXBuildFile; fileRef = 04E4D01C2925367300DB02EB /* EtaButton.swift */; };
		3F44558B28F5BB1600F06DD3 /* PrioritizeSchedule.swift in Sources */ = {isa = PBXBuildFile; fileRef = 3F44558A28F5BB1600F06DD3 /* PrioritizeSchedule.swift */; };
		3F44558F28F5BE1600F06DD3 /* HowEarlyDropDown.swift in Sources */ = {isa = PBXBuildFile; fileRef = 3F44558E28F5BE1600F06DD3 /* HowEarlyDropDown.swift */; };
		3F4E9F6128F85C0A00815202 /* ThemePicker.swift in Sources */ = {isa = PBXBuildFile; fileRef = 3F4E9F6028F85C0A00815202 /* ThemePicker.swift */; };
		3F649F88291C04BF006C2168 /* saveButton.swift in Sources */ = {isa = PBXBuildFile; fileRef = 3F649F87291C04BF006C2168 /* saveButton.swift */; };
		3F99AA2228F76417005AEF04 /* ArriveShell.swift in Sources */ = {isa = PBXBuildFile; fileRef = 3F99AA2128F76417005AEF04 /* ArriveShell.swift */; };
		3F99AA2428F7694E005AEF04 /* TitleBar.swift in Sources */ = {isa = PBXBuildFile; fileRef = 3F99AA2328F7694E005AEF04 /* TitleBar.swift */; };
		3FDA51EE2902F24600E85CE0 /* settingsManager.swift in Sources */ = {isa = PBXBuildFile; fileRef = 3FDA51ED2902F24600E85CE0 /* settingsManager.swift */; };
		4C11E85328F85F1F00710092 /* AddClassView.swift in Sources */ = {isa = PBXBuildFile; fileRef = 4C11E85228F85F1F00710092 /* AddClassView.swift */; };
		4C11E85528F8601200710092 /* ClassSearchBar.swift in Sources */ = {isa = PBXBuildFile; fileRef = 4C11E85428F8601200710092 /* ClassSearchBar.swift */; };
		4C24003028EBB3A7002F7E2D /* GoogleService-Info.plist in Resources */ = {isa = PBXBuildFile; fileRef = 4C24002F28EBB3A7002F7E2D /* GoogleService-Info.plist */; };
		4C24003328EBB41B002F7E2D /* DatabaseManager.swift in Sources */ = {isa = PBXBuildFile; fileRef = 4C24003228EBB41B002F7E2D /* DatabaseManager.swift */; };
		4C28FF5728FDC48A00D75A1A /* ClassesToBeAdded.swift in Sources */ = {isa = PBXBuildFile; fileRef = 4C28FF5628FDC48A00D75A1A /* ClassesToBeAdded.swift */; };
		4C28FF5928FDC4E100D75A1A /* AddOneClass.swift in Sources */ = {isa = PBXBuildFile; fileRef = 4C28FF5828FDC4E100D75A1A /* AddOneClass.swift */; };
		4C28FF5B28FDD2DE00D75A1A /* ClassManager.swift in Sources */ = {isa = PBXBuildFile; fileRef = 4C28FF5A28FDD2DE00D75A1A /* ClassManager.swift */; };
		4C28FF5D28FDD31600D75A1A /* SingleClass.swift in Sources */ = {isa = PBXBuildFile; fileRef = 4C28FF5C28FDD31600D75A1A /* SingleClass.swift */; };
		4C28FF5F28FEEE9000D75A1A /* AdminDatabaseManager.swift in Sources */ = {isa = PBXBuildFile; fileRef = 4C28FF5E28FEEE9000D75A1A /* AdminDatabaseManager.swift */; };
		4C28FF6328FF95CE00D75A1A /* SearchResults.swift in Sources */ = {isa = PBXBuildFile; fileRef = 4C28FF6228FF95CE00D75A1A /* SearchResults.swift */; };
		4C28FF6528FF962600D75A1A /* OneSearchResult.swift in Sources */ = {isa = PBXBuildFile; fileRef = 4C28FF6428FF962600D75A1A /* OneSearchResult.swift */; };
		4C28FF67290029D500D75A1A /* AddClassSubmit.swift in Sources */ = {isa = PBXBuildFile; fileRef = 4C28FF66290029D500D75A1A /* AddClassSubmit.swift */; };
		4C36C82828E3427300207EC5 /* MainNavigation.swift in Sources */ = {isa = PBXBuildFile; fileRef = 4C36C82728E3427300207EC5 /* MainNavigation.swift */; };
		4C36C82A28E3463C00207EC5 /* UsernameView.swift in Sources */ = {isa = PBXBuildFile; fileRef = 4C36C82928E3463C00207EC5 /* UsernameView.swift */; };
		4C36C82C28E347BC00207EC5 /* PasswordView.swift in Sources */ = {isa = PBXBuildFile; fileRef = 4C36C82B28E347BC00207EC5 /* PasswordView.swift */; };
		4C36C82E28E34A3000207EC5 /* LoginButton.swift in Sources */ = {isa = PBXBuildFile; fileRef = 4C36C82D28E34A3000207EC5 /* LoginButton.swift */; };
		4C36C83228E4C5F700207EC5 /* NextClass.swift in Sources */ = {isa = PBXBuildFile; fileRef = 4C36C83128E4C5F700207EC5 /* NextClass.swift */; };
		4C36C83428E4C72800207EC5 /* ClassTime.swift in Sources */ = {isa = PBXBuildFile; fileRef = 4C36C83328E4C72800207EC5 /* ClassTime.swift */; };
		4C36C83628E4CB0700207EC5 /* ClassBuilding.swift in Sources */ = {isa = PBXBuildFile; fileRef = 4C36C83528E4CB0700207EC5 /* ClassBuilding.swift */; };
		4C36C83828E4CC2500207EC5 /* BottomWindow.swift in Sources */ = {isa = PBXBuildFile; fileRef = 4C36C83728E4CC2500207EC5 /* BottomWindow.swift */; };
		4C36C83A28E4CC9500207EC5 /* WalkBikeOption.swift in Sources */ = {isa = PBXBuildFile; fileRef = 4C36C83928E4CC9500207EC5 /* WalkBikeOption.swift */; };
		4C36C83C28E5E46100207EC5 /* StartButton.swift in Sources */ = {isa = PBXBuildFile; fileRef = 4C36C83B28E5E46100207EC5 /* StartButton.swift */; };
		4C36C83E28E5E65300207EC5 /* TripInformation.swift in Sources */ = {isa = PBXBuildFile; fileRef = 4C36C83D28E5E65300207EC5 /* TripInformation.swift */; };
		4C36C84328E74E1F00207EC5 /* SessionManager.swift in Sources */ = {isa = PBXBuildFile; fileRef = 4C36C84228E74E1F00207EC5 /* SessionManager.swift */; };
		4C434D74290C25FD005BB4F6 /* TopSchedule.swift in Sources */ = {isa = PBXBuildFile; fileRef = 4C434D73290C25FD005BB4F6 /* TopSchedule.swift */; };
		4C47B7A329082B2700C5DE09 /* all_classes.json in Resources */ = {isa = PBXBuildFile; fileRef = 4C47B7A229082B2700C5DE09 /* all_classes.json */; };
		4C47B7A52909863F00C5DE09 /* student_classes.json in Resources */ = {isa = PBXBuildFile; fileRef = 4C47B7A42909863F00C5DE09 /* student_classes.json */; };
		4C5B68C628F711CE00532DD2 /* BottomSheet.swift in Sources */ = {isa = PBXBuildFile; fileRef = 4C5B68C528F711CD00532DD2 /* BottomSheet.swift */; };
		4C5B68C928F7120300532DD2 /* BottomSheet in Frameworks */ = {isa = PBXBuildFile; productRef = 4C5B68C828F7120300532DD2 /* BottomSheet */; };
		4C7859EB291D880200C0C2F7 /* SignUpRetypePasswordView.swift in Sources */ = {isa = PBXBuildFile; fileRef = 4C7859E2291D880200C0C2F7 /* SignUpRetypePasswordView.swift */; };
		4C7859EC291D880200C0C2F7 /* EmailView.swift in Sources */ = {isa = PBXBuildFile; fileRef = 4C7859E3291D880200C0C2F7 /* EmailView.swift */; };
		4C7859ED291D880200C0C2F7 /* SignUpPasswordView.swift in Sources */ = {isa = PBXBuildFile; fileRef = 4C7859E4291D880200C0C2F7 /* SignUpPasswordView.swift */; };
		4C7859EE291D880200C0C2F7 /* SignUpButton.swift in Sources */ = {isa = PBXBuildFile; fileRef = 4C7859E5291D880200C0C2F7 /* SignUpButton.swift */; };
		4C7859EF291D880200C0C2F7 /* LastNameView.swift in Sources */ = {isa = PBXBuildFile; fileRef = 4C7859E6291D880200C0C2F7 /* LastNameView.swift */; };
		4C7859F1291D880200C0C2F7 /* SignUpInnerBoxes.swift in Sources */ = {isa = PBXBuildFile; fileRef = 4C7859E8291D880200C0C2F7 /* SignUpInnerBoxes.swift */; };
		4C7859F2291D880200C0C2F7 /* SignUpView.swift in Sources */ = {isa = PBXBuildFile; fileRef = 4C7859E9291D880200C0C2F7 /* SignUpView.swift */; };
		4C7859F3291D880200C0C2F7 /* FirstNameView.swift in Sources */ = {isa = PBXBuildFile; fileRef = 4C7859EA291D880200C0C2F7 /* FirstNameView.swift */; };
		4C78EE6028DE1D1E00306D58 /* UVMapApp.swift in Sources */ = {isa = PBXBuildFile; fileRef = 4C78EE5F28DE1D1E00306D58 /* UVMapApp.swift */; };
		4C78EE6228DE1D1E00306D58 /* ContentView.swift in Sources */ = {isa = PBXBuildFile; fileRef = 4C78EE6128DE1D1E00306D58 /* ContentView.swift */; };
		4C78EE6428DE1D2200306D58 /* Assets.xcassets in Resources */ = {isa = PBXBuildFile; fileRef = 4C78EE6328DE1D2200306D58 /* Assets.xcassets */; };
		4C78EE6728DE1D2200306D58 /* Preview Assets.xcassets in Resources */ = {isa = PBXBuildFile; fileRef = 4C78EE6628DE1D2200306D58 /* Preview Assets.xcassets */; };
		4C78EE7128DE1D2200306D58 /* UVMapTests.swift in Sources */ = {isa = PBXBuildFile; fileRef = 4C78EE7028DE1D2200306D58 /* UVMapTests.swift */; };
		4C78EE7B28DE1D2200306D58 /* UVMapUITests.swift in Sources */ = {isa = PBXBuildFile; fileRef = 4C78EE7A28DE1D2200306D58 /* UVMapUITests.swift */; };
		4C78EE7D28DE1D2200306D58 /* UVMapUITestsLaunchTests.swift in Sources */ = {isa = PBXBuildFile; fileRef = 4C78EE7C28DE1D2200306D58 /* UVMapUITestsLaunchTests.swift */; };
		4C78EE9128DE211B00306D58 /* LoginView.swift in Sources */ = {isa = PBXBuildFile; fileRef = 4C78EE9028DE211B00306D58 /* LoginView.swift */; };
		4C78EE9328DE9D2D00306D58 /* InnerBox.swift in Sources */ = {isa = PBXBuildFile; fileRef = 4C78EE9228DE9D2C00306D58 /* InnerBox.swift */; };
		4C78EE9528DF650D00306D58 /* SettingsView.swift in Sources */ = {isa = PBXBuildFile; fileRef = 4C78EE9428DF650D00306D58 /* SettingsView.swift */; };
		4C78EE9728DF652E00306D58 /* ScheduleView.swift in Sources */ = {isa = PBXBuildFile; fileRef = 4C78EE9628DF652E00306D58 /* ScheduleView.swift */; };
		4C78EE9F28E2253B00306D58 /* TheMap.swift in Sources */ = {isa = PBXBuildFile; fileRef = 4C78EE9E28E2253B00306D58 /* TheMap.swift */; };
		4C78EEA128E2263400306D58 /* SearchBar.swift in Sources */ = {isa = PBXBuildFile; fileRef = 4C78EEA028E2263400306D58 /* SearchBar.swift */; };
		4C8785FD2936506F00F34AD2 /* settings.json in Resources */ = {isa = PBXBuildFile; fileRef = 4C8785FC2936506F00F34AD2 /* settings.json */; };
		4C99F98929032DBC006060CB /* NavigationBar.swift in Sources */ = {isa = PBXBuildFile; fileRef = 4C99F98829032DBC006060CB /* NavigationBar.swift */; };
		4CA09D2828F4939400484D6D /* all_buildings.json in Resources */ = {isa = PBXBuildFile; fileRef = 4CA09D2728F4939400484D6D /* all_buildings.json */; };
		4CA09D2A28F4978800484D6D /* BuildingAnnotation.swift in Sources */ = {isa = PBXBuildFile; fileRef = 4CA09D2928F4978800484D6D /* BuildingAnnotation.swift */; };
		4CABE58328F06C600087DD98 /* SearchBarManager.swift in Sources */ = {isa = PBXBuildFile; fileRef = 4CABE58228F06C600087DD98 /* SearchBarManager.swift */; };
		4CADAB1C2907108C00DE4F03 /* ErrorMessage.swift in Sources */ = {isa = PBXBuildFile; fileRef = 4CADAB1B2907108C00DE4F03 /* ErrorMessage.swift */; };
		4CAF024D28F71DA4005F605E /* Blur.swift in Sources */ = {isa = PBXBuildFile; fileRef = 4CAF024C28F71DA4005F605E /* Blur.swift */; };
		4CAF024F28F71F2A005F605E /* Extensions.swift in Sources */ = {isa = PBXBuildFile; fileRef = 4CAF024E28F71F2A005F605E /* Extensions.swift */; };
		4CD538832915881100926C2E /* LoadingView.swift in Sources */ = {isa = PBXBuildFile; fileRef = 4CD538822915881100926C2E /* LoadingView.swift */; };
		4CE7168328F0B6940069D6C0 /* FirebaseAuth in Frameworks */ = {isa = PBXBuildFile; productRef = 4CE7168228F0B6940069D6C0 /* FirebaseAuth */; };
		4CE7168528F0B6940069D6C0 /* FirebaseFirestore in Frameworks */ = {isa = PBXBuildFile; productRef = 4CE7168428F0B6940069D6C0 /* FirebaseFirestore */; };
		4CE7168728F0BCD10069D6C0 /* ReadBuildingsFromJSON.swift in Sources */ = {isa = PBXBuildFile; fileRef = 4CE7168628F0BCD10069D6C0 /* ReadBuildingsFromJSON.swift */; };
		4CE7168D28F108FD0069D6C0 /* Building.swift in Sources */ = {isa = PBXBuildFile; fileRef = 4CE7168C28F108FD0069D6C0 /* Building.swift */; };
		4CF841CD28EB2144001C7F24 /* MapManager.swift in Sources */ = {isa = PBXBuildFile; fileRef = 4CF841CC28EB2144001C7F24 /* MapManager.swift */; };
		4CF841CF28EB27FE001C7F24 /* CurrentLocationButton.swift in Sources */ = {isa = PBXBuildFile; fileRef = 4CF841CE28EB27FE001C7F24 /* CurrentLocationButton.swift */; };
		500DC3A228EA06870085A130 /* DaysTemplate.swift in Sources */ = {isa = PBXBuildFile; fileRef = 500DC3A128EA06870085A130 /* DaysTemplate.swift */; };
		500DC3A428EA07D40085A130 /* ScheduleChart.swift in Sources */ = {isa = PBXBuildFile; fileRef = 500DC3A328EA07D40085A130 /* ScheduleChart.swift */; };
		500DC3A628EA09F60085A130 /* ClassNameSchedule.swift in Sources */ = {isa = PBXBuildFile; fileRef = 500DC3A528EA09F60085A130 /* ClassNameSchedule.swift */; };
		500DC3A828EA0D580085A130 /* ClassTimeSchedule.swift in Sources */ = {isa = PBXBuildFile; fileRef = 500DC3A728EA0D580085A130 /* ClassTimeSchedule.swift */; };
		500DC3AA28EA0E8B0085A130 /* ClassShell.swift in Sources */ = {isa = PBXBuildFile; fileRef = 500DC3A928EA0E8B0085A130 /* ClassShell.swift */; };
		500DC3AC28EA12CE0085A130 /* ClassProfessorSchedule.swift in Sources */ = {isa = PBXBuildFile; fileRef = 500DC3AB28EA12CE0085A130 /* ClassProfessorSchedule.swift */; };
		50622B8228EC75B400B42A3F /* ClassBuildingSchedule.swift in Sources */ = {isa = PBXBuildFile; fileRef = 50622B8128EC75B400B42A3F /* ClassBuildingSchedule.swift */; };
		50622B8428EC79D600B42A3F /* MondayScheduleMenu.swift in Sources */ = {isa = PBXBuildFile; fileRef = 50622B8328EC79D600B42A3F /* MondayScheduleMenu.swift */; };
		50622B8628EC79E100B42A3F /* TuesdayScheduleMenu.swift in Sources */ = {isa = PBXBuildFile; fileRef = 50622B8528EC79E100B42A3F /* TuesdayScheduleMenu.swift */; };
		50622B8828EC79EE00B42A3F /* WednesdayScheduleMenu.swift in Sources */ = {isa = PBXBuildFile; fileRef = 50622B8728EC79EE00B42A3F /* WednesdayScheduleMenu.swift */; };
		50622B8A28EC79F600B42A3F /* ThursdayScheduleMenu.swift in Sources */ = {isa = PBXBuildFile; fileRef = 50622B8928EC79F600B42A3F /* ThursdayScheduleMenu.swift */; };
		50622B8C28EC79FE00B42A3F /* FridayScheduleMenu.swift in Sources */ = {isa = PBXBuildFile; fileRef = 50622B8B28EC79FE00B42A3F /* FridayScheduleMenu.swift */; };
		50B55F44291420040078C231 /* ClassShellLarge.swift in Sources */ = {isa = PBXBuildFile; fileRef = 50B55F43291420030078C231 /* ClassShellLarge.swift */; };
		50B55F46291425410078C231 /* ClassShellLargeLarge.swift in Sources */ = {isa = PBXBuildFile; fileRef = 50B55F45291425410078C231 /* ClassShellLargeLarge.swift */; };
		50DFDB782937B25400FE65E0 /* PullFirebaseButton.swift in Sources */ = {isa = PBXBuildFile; fileRef = 50DFDB772937B25400FE65E0 /* PullFirebaseButton.swift */; };
		50E43B9928F8D80F00CDF4D9 /* Lecture.swift in Sources */ = {isa = PBXBuildFile; fileRef = 50E43B9828F8D80F00CDF4D9 /* Lecture.swift */; };
		50FEBF1828F8540700EC0F50 /* TitleBarSchedule.swift in Sources */ = {isa = PBXBuildFile; fileRef = 50FEBF1728F8540700EC0F50 /* TitleBarSchedule.swift */; };
/* End PBXBuildFile section */

/* Begin PBXContainerItemProxy section */
		4C78EE6D28DE1D2200306D58 /* PBXContainerItemProxy */ = {
			isa = PBXContainerItemProxy;
			containerPortal = 4C78EE5428DE1D1E00306D58 /* Project object */;
			proxyType = 1;
			remoteGlobalIDString = 4C78EE5B28DE1D1E00306D58;
			remoteInfo = UVMap;
		};
		4C78EE7728DE1D2200306D58 /* PBXContainerItemProxy */ = {
			isa = PBXContainerItemProxy;
			containerPortal = 4C78EE5428DE1D1E00306D58 /* Project object */;
			proxyType = 1;
			remoteGlobalIDString = 4C78EE5B28DE1D1E00306D58;
			remoteInfo = UVMap;
		};
/* End PBXContainerItemProxy section */

/* Begin PBXFileReference section */
		040185BB291C0700003C0DB3 /* BuildingSearchResults.swift */ = {isa = PBXFileReference; lastKnownFileType = sourcecode.swift; path = BuildingSearchResults.swift; sourceTree = "<group>"; };
		040185BD291C0795003C0DB3 /* OneBuildingResult.swift */ = {isa = PBXFileReference; lastKnownFileType = sourcecode.swift; path = OneBuildingResult.swift; sourceTree = "<group>"; };
		045AFA43293511A800DA0229 /* SignOutButton.swift */ = {isa = PBXFileReference; lastKnownFileType = sourcecode.swift; path = SignOutButton.swift; sourceTree = "<group>"; };
		049E3F7B291D920F003D8ACB /* EndRouteButton.swift */ = {isa = PBXFileReference; lastKnownFileType = sourcecode.swift; path = EndRouteButton.swift; sourceTree = "<group>"; };
		04E4D01C2925367300DB02EB /* EtaButton.swift */ = {isa = PBXFileReference; lastKnownFileType = sourcecode.swift; path = EtaButton.swift; sourceTree = "<group>"; };
		3F44558A28F5BB1600F06DD3 /* PrioritizeSchedule.swift */ = {isa = PBXFileReference; lastKnownFileType = sourcecode.swift; path = PrioritizeSchedule.swift; sourceTree = "<group>"; };
		3F44558E28F5BE1600F06DD3 /* HowEarlyDropDown.swift */ = {isa = PBXFileReference; lastKnownFileType = sourcecode.swift; path = HowEarlyDropDown.swift; sourceTree = "<group>"; };
		3F4E9F6028F85C0A00815202 /* ThemePicker.swift */ = {isa = PBXFileReference; lastKnownFileType = sourcecode.swift; path = ThemePicker.swift; sourceTree = "<group>"; };
		3F649F87291C04BF006C2168 /* saveButton.swift */ = {isa = PBXFileReference; lastKnownFileType = sourcecode.swift; path = saveButton.swift; sourceTree = "<group>"; };
		3F99AA2128F76417005AEF04 /* ArriveShell.swift */ = {isa = PBXFileReference; lastKnownFileType = sourcecode.swift; path = ArriveShell.swift; sourceTree = "<group>"; };
		3F99AA2328F7694E005AEF04 /* TitleBar.swift */ = {isa = PBXFileReference; lastKnownFileType = sourcecode.swift; path = TitleBar.swift; sourceTree = "<group>"; };
		3FDA51ED2902F24600E85CE0 /* settingsManager.swift */ = {isa = PBXFileReference; lastKnownFileType = sourcecode.swift; path = settingsManager.swift; sourceTree = "<group>"; };
		4C11E85228F85F1F00710092 /* AddClassView.swift */ = {isa = PBXFileReference; lastKnownFileType = sourcecode.swift; path = AddClassView.swift; sourceTree = "<group>"; };
		4C11E85428F8601200710092 /* ClassSearchBar.swift */ = {isa = PBXFileReference; lastKnownFileType = sourcecode.swift; path = ClassSearchBar.swift; sourceTree = "<group>"; };
		4C24002F28EBB3A7002F7E2D /* GoogleService-Info.plist */ = {isa = PBXFileReference; fileEncoding = 4; lastKnownFileType = text.plist.xml; path = "GoogleService-Info.plist"; sourceTree = "<group>"; };
		4C24003228EBB41B002F7E2D /* DatabaseManager.swift */ = {isa = PBXFileReference; lastKnownFileType = sourcecode.swift; path = DatabaseManager.swift; sourceTree = "<group>"; };
		4C28FF5628FDC48A00D75A1A /* ClassesToBeAdded.swift */ = {isa = PBXFileReference; lastKnownFileType = sourcecode.swift; path = ClassesToBeAdded.swift; sourceTree = "<group>"; };
		4C28FF5828FDC4E100D75A1A /* AddOneClass.swift */ = {isa = PBXFileReference; lastKnownFileType = sourcecode.swift; path = AddOneClass.swift; sourceTree = "<group>"; };
		4C28FF5A28FDD2DE00D75A1A /* ClassManager.swift */ = {isa = PBXFileReference; lastKnownFileType = sourcecode.swift; path = ClassManager.swift; sourceTree = "<group>"; };
		4C28FF5C28FDD31600D75A1A /* SingleClass.swift */ = {isa = PBXFileReference; lastKnownFileType = sourcecode.swift; path = SingleClass.swift; sourceTree = "<group>"; };
		4C28FF5E28FEEE9000D75A1A /* AdminDatabaseManager.swift */ = {isa = PBXFileReference; lastKnownFileType = sourcecode.swift; path = AdminDatabaseManager.swift; sourceTree = "<group>"; };
		4C28FF6228FF95CE00D75A1A /* SearchResults.swift */ = {isa = PBXFileReference; lastKnownFileType = sourcecode.swift; path = SearchResults.swift; sourceTree = "<group>"; };
		4C28FF6428FF962600D75A1A /* OneSearchResult.swift */ = {isa = PBXFileReference; lastKnownFileType = sourcecode.swift; path = OneSearchResult.swift; sourceTree = "<group>"; };
		4C28FF66290029D500D75A1A /* AddClassSubmit.swift */ = {isa = PBXFileReference; lastKnownFileType = sourcecode.swift; path = AddClassSubmit.swift; sourceTree = "<group>"; };
		4C36C82728E3427300207EC5 /* MainNavigation.swift */ = {isa = PBXFileReference; lastKnownFileType = sourcecode.swift; path = MainNavigation.swift; sourceTree = "<group>"; };
		4C36C82928E3463C00207EC5 /* UsernameView.swift */ = {isa = PBXFileReference; lastKnownFileType = sourcecode.swift; path = UsernameView.swift; sourceTree = "<group>"; };
		4C36C82B28E347BC00207EC5 /* PasswordView.swift */ = {isa = PBXFileReference; lastKnownFileType = sourcecode.swift; path = PasswordView.swift; sourceTree = "<group>"; };
		4C36C82D28E34A3000207EC5 /* LoginButton.swift */ = {isa = PBXFileReference; lastKnownFileType = sourcecode.swift; path = LoginButton.swift; sourceTree = "<group>"; };
		4C36C83128E4C5F700207EC5 /* NextClass.swift */ = {isa = PBXFileReference; lastKnownFileType = sourcecode.swift; path = NextClass.swift; sourceTree = "<group>"; };
		4C36C83328E4C72800207EC5 /* ClassTime.swift */ = {isa = PBXFileReference; lastKnownFileType = sourcecode.swift; path = ClassTime.swift; sourceTree = "<group>"; };
		4C36C83528E4CB0700207EC5 /* ClassBuilding.swift */ = {isa = PBXFileReference; lastKnownFileType = sourcecode.swift; path = ClassBuilding.swift; sourceTree = "<group>"; };
		4C36C83728E4CC2500207EC5 /* BottomWindow.swift */ = {isa = PBXFileReference; lastKnownFileType = sourcecode.swift; path = BottomWindow.swift; sourceTree = "<group>"; };
		4C36C83928E4CC9500207EC5 /* WalkBikeOption.swift */ = {isa = PBXFileReference; lastKnownFileType = sourcecode.swift; path = WalkBikeOption.swift; sourceTree = "<group>"; };
		4C36C83B28E5E46100207EC5 /* StartButton.swift */ = {isa = PBXFileReference; lastKnownFileType = sourcecode.swift; path = StartButton.swift; sourceTree = "<group>"; };
		4C36C83D28E5E65300207EC5 /* TripInformation.swift */ = {isa = PBXFileReference; lastKnownFileType = sourcecode.swift; path = TripInformation.swift; sourceTree = "<group>"; };
		4C36C84228E74E1F00207EC5 /* SessionManager.swift */ = {isa = PBXFileReference; lastKnownFileType = sourcecode.swift; path = SessionManager.swift; sourceTree = "<group>"; };
		4C434D73290C25FD005BB4F6 /* TopSchedule.swift */ = {isa = PBXFileReference; lastKnownFileType = sourcecode.swift; path = TopSchedule.swift; sourceTree = "<group>"; };
		4C47B7A229082B2700C5DE09 /* all_classes.json */ = {isa = PBXFileReference; fileEncoding = 4; lastKnownFileType = text.json; path = all_classes.json; sourceTree = "<group>"; };
		4C47B7A42909863F00C5DE09 /* student_classes.json */ = {isa = PBXFileReference; lastKnownFileType = text.json; path = student_classes.json; sourceTree = "<group>"; };
		4C5B68C528F711CD00532DD2 /* BottomSheet.swift */ = {isa = PBXFileReference; lastKnownFileType = sourcecode.swift; path = BottomSheet.swift; sourceTree = "<group>"; };
		4C7859E2291D880200C0C2F7 /* SignUpRetypePasswordView.swift */ = {isa = PBXFileReference; fileEncoding = 4; lastKnownFileType = sourcecode.swift; path = SignUpRetypePasswordView.swift; sourceTree = "<group>"; };
		4C7859E3291D880200C0C2F7 /* EmailView.swift */ = {isa = PBXFileReference; fileEncoding = 4; lastKnownFileType = sourcecode.swift; path = EmailView.swift; sourceTree = "<group>"; };
		4C7859E4291D880200C0C2F7 /* SignUpPasswordView.swift */ = {isa = PBXFileReference; fileEncoding = 4; lastKnownFileType = sourcecode.swift; path = SignUpPasswordView.swift; sourceTree = "<group>"; };
		4C7859E5291D880200C0C2F7 /* SignUpButton.swift */ = {isa = PBXFileReference; fileEncoding = 4; lastKnownFileType = sourcecode.swift; path = SignUpButton.swift; sourceTree = "<group>"; };
		4C7859E6291D880200C0C2F7 /* LastNameView.swift */ = {isa = PBXFileReference; fileEncoding = 4; lastKnownFileType = sourcecode.swift; path = LastNameView.swift; sourceTree = "<group>"; };
		4C7859E8291D880200C0C2F7 /* SignUpInnerBoxes.swift */ = {isa = PBXFileReference; fileEncoding = 4; lastKnownFileType = sourcecode.swift; path = SignUpInnerBoxes.swift; sourceTree = "<group>"; };
		4C7859E9291D880200C0C2F7 /* SignUpView.swift */ = {isa = PBXFileReference; fileEncoding = 4; lastKnownFileType = sourcecode.swift; path = SignUpView.swift; sourceTree = "<group>"; };
		4C7859EA291D880200C0C2F7 /* FirstNameView.swift */ = {isa = PBXFileReference; fileEncoding = 4; lastKnownFileType = sourcecode.swift; path = FirstNameView.swift; sourceTree = "<group>"; };
		4C78EE5C28DE1D1E00306D58 /* UVMaps.app */ = {isa = PBXFileReference; explicitFileType = wrapper.application; includeInIndex = 0; path = UVMaps.app; sourceTree = BUILT_PRODUCTS_DIR; };
		4C78EE5F28DE1D1E00306D58 /* UVMapApp.swift */ = {isa = PBXFileReference; lastKnownFileType = sourcecode.swift; path = UVMapApp.swift; sourceTree = "<group>"; };
		4C78EE6128DE1D1E00306D58 /* ContentView.swift */ = {isa = PBXFileReference; lastKnownFileType = sourcecode.swift; path = ContentView.swift; sourceTree = "<group>"; };
		4C78EE6328DE1D2200306D58 /* Assets.xcassets */ = {isa = PBXFileReference; lastKnownFileType = folder.assetcatalog; path = Assets.xcassets; sourceTree = "<group>"; };
		4C78EE6628DE1D2200306D58 /* Preview Assets.xcassets */ = {isa = PBXFileReference; lastKnownFileType = folder.assetcatalog; path = "Preview Assets.xcassets"; sourceTree = "<group>"; };
		4C78EE6C28DE1D2200306D58 /* UVMapTests.xctest */ = {isa = PBXFileReference; explicitFileType = wrapper.cfbundle; includeInIndex = 0; path = UVMapTests.xctest; sourceTree = BUILT_PRODUCTS_DIR; };
		4C78EE7028DE1D2200306D58 /* UVMapTests.swift */ = {isa = PBXFileReference; lastKnownFileType = sourcecode.swift; path = UVMapTests.swift; sourceTree = "<group>"; };
		4C78EE7628DE1D2200306D58 /* UVMapUITests.xctest */ = {isa = PBXFileReference; explicitFileType = wrapper.cfbundle; includeInIndex = 0; path = UVMapUITests.xctest; sourceTree = BUILT_PRODUCTS_DIR; };
		4C78EE7A28DE1D2200306D58 /* UVMapUITests.swift */ = {isa = PBXFileReference; lastKnownFileType = sourcecode.swift; path = UVMapUITests.swift; sourceTree = "<group>"; };
		4C78EE7C28DE1D2200306D58 /* UVMapUITestsLaunchTests.swift */ = {isa = PBXFileReference; lastKnownFileType = sourcecode.swift; path = UVMapUITestsLaunchTests.swift; sourceTree = "<group>"; };
		4C78EE8E28DE1F4400306D58 /* MainMapView.swift */ = {isa = PBXFileReference; lastKnownFileType = sourcecode.swift; path = MainMapView.swift; sourceTree = "<group>"; };
		4C78EE9028DE211B00306D58 /* LoginView.swift */ = {isa = PBXFileReference; lastKnownFileType = sourcecode.swift; path = LoginView.swift; sourceTree = "<group>"; };
		4C78EE9228DE9D2C00306D58 /* InnerBox.swift */ = {isa = PBXFileReference; lastKnownFileType = sourcecode.swift; path = InnerBox.swift; sourceTree = "<group>"; };
		4C78EE9428DF650D00306D58 /* SettingsView.swift */ = {isa = PBXFileReference; lastKnownFileType = sourcecode.swift; path = SettingsView.swift; sourceTree = "<group>"; };
		4C78EE9628DF652E00306D58 /* ScheduleView.swift */ = {isa = PBXFileReference; lastKnownFileType = sourcecode.swift; path = ScheduleView.swift; sourceTree = "<group>"; };
		4C78EE9E28E2253B00306D58 /* TheMap.swift */ = {isa = PBXFileReference; lastKnownFileType = sourcecode.swift; path = TheMap.swift; sourceTree = "<group>"; };
		4C78EEA028E2263400306D58 /* SearchBar.swift */ = {isa = PBXFileReference; lastKnownFileType = sourcecode.swift; path = SearchBar.swift; sourceTree = "<group>"; };
		4C8785FC2936506F00F34AD2 /* settings.json */ = {isa = PBXFileReference; fileEncoding = 4; lastKnownFileType = text.json; path = settings.json; sourceTree = "<group>"; };
		4C99F98829032DBC006060CB /* NavigationBar.swift */ = {isa = PBXFileReference; lastKnownFileType = sourcecode.swift; path = NavigationBar.swift; sourceTree = "<group>"; };
		4CA09D2728F4939400484D6D /* all_buildings.json */ = {isa = PBXFileReference; fileEncoding = 4; lastKnownFileType = text.json; path = all_buildings.json; sourceTree = "<group>"; };
		4CA09D2928F4978800484D6D /* BuildingAnnotation.swift */ = {isa = PBXFileReference; lastKnownFileType = sourcecode.swift; path = BuildingAnnotation.swift; sourceTree = "<group>"; };
		4CABE58228F06C600087DD98 /* SearchBarManager.swift */ = {isa = PBXFileReference; lastKnownFileType = sourcecode.swift; path = SearchBarManager.swift; sourceTree = "<group>"; };
		4CADAB1B2907108C00DE4F03 /* ErrorMessage.swift */ = {isa = PBXFileReference; lastKnownFileType = sourcecode.swift; path = ErrorMessage.swift; sourceTree = "<group>"; };
		4CAF024C28F71DA4005F605E /* Blur.swift */ = {isa = PBXFileReference; lastKnownFileType = sourcecode.swift; path = Blur.swift; sourceTree = "<group>"; };
		4CAF024E28F71F2A005F605E /* Extensions.swift */ = {isa = PBXFileReference; lastKnownFileType = sourcecode.swift; path = Extensions.swift; sourceTree = "<group>"; };
		4CD538822915881100926C2E /* LoadingView.swift */ = {isa = PBXFileReference; lastKnownFileType = sourcecode.swift; path = LoadingView.swift; sourceTree = "<group>"; };
		4CE7168628F0BCD10069D6C0 /* ReadBuildingsFromJSON.swift */ = {isa = PBXFileReference; lastKnownFileType = sourcecode.swift; path = ReadBuildingsFromJSON.swift; sourceTree = "<group>"; };
		4CE7168C28F108FD0069D6C0 /* Building.swift */ = {isa = PBXFileReference; lastKnownFileType = sourcecode.swift; path = Building.swift; sourceTree = "<group>"; };
		4CF841CC28EB2144001C7F24 /* MapManager.swift */ = {isa = PBXFileReference; lastKnownFileType = sourcecode.swift; path = MapManager.swift; sourceTree = "<group>"; };
		4CF841CE28EB27FE001C7F24 /* CurrentLocationButton.swift */ = {isa = PBXFileReference; lastKnownFileType = sourcecode.swift; path = CurrentLocationButton.swift; sourceTree = "<group>"; };
		500DC3A128EA06870085A130 /* DaysTemplate.swift */ = {isa = PBXFileReference; lastKnownFileType = sourcecode.swift; path = DaysTemplate.swift; sourceTree = "<group>"; };
		500DC3A328EA07D40085A130 /* ScheduleChart.swift */ = {isa = PBXFileReference; lastKnownFileType = sourcecode.swift; path = ScheduleChart.swift; sourceTree = "<group>"; };
		500DC3A528EA09F60085A130 /* ClassNameSchedule.swift */ = {isa = PBXFileReference; lastKnownFileType = sourcecode.swift; path = ClassNameSchedule.swift; sourceTree = "<group>"; };
		500DC3A728EA0D580085A130 /* ClassTimeSchedule.swift */ = {isa = PBXFileReference; lastKnownFileType = sourcecode.swift; path = ClassTimeSchedule.swift; sourceTree = "<group>"; };
		500DC3A928EA0E8B0085A130 /* ClassShell.swift */ = {isa = PBXFileReference; lastKnownFileType = sourcecode.swift; path = ClassShell.swift; sourceTree = "<group>"; };
		500DC3AB28EA12CE0085A130 /* ClassProfessorSchedule.swift */ = {isa = PBXFileReference; lastKnownFileType = sourcecode.swift; path = ClassProfessorSchedule.swift; sourceTree = "<group>"; };
		50622B8128EC75B400B42A3F /* ClassBuildingSchedule.swift */ = {isa = PBXFileReference; lastKnownFileType = sourcecode.swift; path = ClassBuildingSchedule.swift; sourceTree = "<group>"; };
		50622B8328EC79D600B42A3F /* MondayScheduleMenu.swift */ = {isa = PBXFileReference; lastKnownFileType = sourcecode.swift; path = MondayScheduleMenu.swift; sourceTree = "<group>"; };
		50622B8528EC79E100B42A3F /* TuesdayScheduleMenu.swift */ = {isa = PBXFileReference; lastKnownFileType = sourcecode.swift; path = TuesdayScheduleMenu.swift; sourceTree = "<group>"; };
		50622B8728EC79EE00B42A3F /* WednesdayScheduleMenu.swift */ = {isa = PBXFileReference; lastKnownFileType = sourcecode.swift; path = WednesdayScheduleMenu.swift; sourceTree = "<group>"; };
		50622B8928EC79F600B42A3F /* ThursdayScheduleMenu.swift */ = {isa = PBXFileReference; lastKnownFileType = sourcecode.swift; path = ThursdayScheduleMenu.swift; sourceTree = "<group>"; };
		50622B8B28EC79FE00B42A3F /* FridayScheduleMenu.swift */ = {isa = PBXFileReference; lastKnownFileType = sourcecode.swift; path = FridayScheduleMenu.swift; sourceTree = "<group>"; };
		50B55F43291420030078C231 /* ClassShellLarge.swift */ = {isa = PBXFileReference; lastKnownFileType = sourcecode.swift; path = ClassShellLarge.swift; sourceTree = "<group>"; };
		50B55F45291425410078C231 /* ClassShellLargeLarge.swift */ = {isa = PBXFileReference; lastKnownFileType = sourcecode.swift; path = ClassShellLargeLarge.swift; sourceTree = "<group>"; };
		50DFDB772937B25400FE65E0 /* PullFirebaseButton.swift */ = {isa = PBXFileReference; lastKnownFileType = sourcecode.swift; path = PullFirebaseButton.swift; sourceTree = "<group>"; };
		50E43B9828F8D80F00CDF4D9 /* Lecture.swift */ = {isa = PBXFileReference; lastKnownFileType = sourcecode.swift; path = Lecture.swift; sourceTree = "<group>"; };
		50FEBF1728F8540700EC0F50 /* TitleBarSchedule.swift */ = {isa = PBXFileReference; lastKnownFileType = sourcecode.swift; path = TitleBarSchedule.swift; sourceTree = "<group>"; };
/* End PBXFileReference section */

/* Begin PBXFrameworksBuildPhase section */
		4C78EE5928DE1D1E00306D58 /* Frameworks */ = {
			isa = PBXFrameworksBuildPhase;
			buildActionMask = 2147483647;
			files = (
				4CE7168328F0B6940069D6C0 /* FirebaseAuth in Frameworks */,
				045C393F2914510E003BD700 /* Map in Frameworks */,
				4C5B68C928F7120300532DD2 /* BottomSheet in Frameworks */,
				4CE7168528F0B6940069D6C0 /* FirebaseFirestore in Frameworks */,
			);
			runOnlyForDeploymentPostprocessing = 0;
		};
		4C78EE6928DE1D2200306D58 /* Frameworks */ = {
			isa = PBXFrameworksBuildPhase;
			buildActionMask = 2147483647;
			files = (
			);
			runOnlyForDeploymentPostprocessing = 0;
		};
		4C78EE7328DE1D2200306D58 /* Frameworks */ = {
			isa = PBXFrameworksBuildPhase;
			buildActionMask = 2147483647;
			files = (
			);
			runOnlyForDeploymentPostprocessing = 0;
		};
/* End PBXFrameworksBuildPhase section */

/* Begin PBXGroup section */
		4C11E85128F85CAA00710092 /* Add Class */ = {
			isa = PBXGroup;
			children = (
				4C28FF66290029D500D75A1A /* AddClassSubmit.swift */,
				4C11E85228F85F1F00710092 /* AddClassView.swift */,
				4C28FF5828FDC4E100D75A1A /* AddOneClass.swift */,
				4C28FF5628FDC48A00D75A1A /* ClassesToBeAdded.swift */,
				4C11E85428F8601200710092 /* ClassSearchBar.swift */,
				4C28FF6428FF962600D75A1A /* OneSearchResult.swift */,
				4C28FF6228FF95CE00D75A1A /* SearchResults.swift */,
			);
			path = "Add Class";
			sourceTree = "<group>";
		};
		4C24003128EBB3EF002F7E2D /* Database */ = {
			isa = PBXGroup;
			children = (
				4C28FF5E28FEEE9000D75A1A /* AdminDatabaseManager.swift */,
				4CA09D2728F4939400484D6D /* all_buildings.json */,
				4C47B7A229082B2700C5DE09 /* all_classes.json */,
				4C8785FC2936506F00F34AD2 /* settings.json */,
				4C24003228EBB41B002F7E2D /* DatabaseManager.swift */,
				4CE7168628F0BCD10069D6C0 /* ReadBuildingsFromJSON.swift */,
				4C47B7A42909863F00C5DE09 /* student_classes.json */,
			);
			path = Database;
			sourceTree = "<group>";
		};
		4C36C84128E74DE900207EC5 /* Managers */ = {
			isa = PBXGroup;
			children = (
				4C28FF5A28FDD2DE00D75A1A /* ClassManager.swift */,
				4CF841CC28EB2144001C7F24 /* MapManager.swift */,
				4CABE58228F06C600087DD98 /* SearchBarManager.swift */,
				4C36C84228E74E1F00207EC5 /* SessionManager.swift */,
				3FDA51ED2902F24600E85CE0 /* settingsManager.swift */,
			);
			path = Managers;
			sourceTree = "<group>";
		};
		4C7859E1291D880200C0C2F7 /* SignUp View */ = {
			isa = PBXGroup;
			children = (
				4C7859E3291D880200C0C2F7 /* EmailView.swift */,
				4C7859EA291D880200C0C2F7 /* FirstNameView.swift */,
				4C7859E6291D880200C0C2F7 /* LastNameView.swift */,
				4C7859E5291D880200C0C2F7 /* SignUpButton.swift */,
				4C7859E8291D880200C0C2F7 /* SignUpInnerBoxes.swift */,
				4C7859E4291D880200C0C2F7 /* SignUpPasswordView.swift */,
				4C7859E2291D880200C0C2F7 /* SignUpRetypePasswordView.swift */,
				4C7859E9291D880200C0C2F7 /* SignUpView.swift */,
			);
			path = "SignUp View";
			sourceTree = "<group>";
		};
		4C78EE5328DE1D1E00306D58 = {
			isa = PBXGroup;
			children = (
				4C78EE5D28DE1D1E00306D58 /* Products */,
				4C78EE5E28DE1D1E00306D58 /* UVMap */,
				4C78EE6F28DE1D2200306D58 /* UVMapTests */,
				4C78EE7928DE1D2200306D58 /* UVMapUITests */,
			);
			sourceTree = "<group>";
		};
		4C78EE5D28DE1D1E00306D58 /* Products */ = {
			isa = PBXGroup;
			children = (
				4C78EE5C28DE1D1E00306D58 /* UVMaps.app */,
				4C78EE6C28DE1D2200306D58 /* UVMapTests.xctest */,
				4C78EE7628DE1D2200306D58 /* UVMapUITests.xctest */,
			);
			name = Products;
			sourceTree = "<group>";
		};
		4C78EE5E28DE1D1E00306D58 /* UVMap */ = {
			isa = PBXGroup;
			children = (
				4C78EE6328DE1D2200306D58 /* Assets.xcassets */,
				4CE7168A28F107F10069D6C0 /* Classes */,
				4CAF024B28F71D91005F605E /* Components */,
				4C24003128EBB3EF002F7E2D /* Database */,
				4C24002F28EBB3A7002F7E2D /* GoogleService-Info.plist */,
				4C78EE6528DE1D2200306D58 /* Preview Content */,
				4C78EE5F28DE1D1E00306D58 /* UVMapApp.swift */,
				4C78EE8928DE1E6500306D58 /* Views */,
			);
			path = UVMap;
			sourceTree = "<group>";
		};
		4C78EE6528DE1D2200306D58 /* Preview Content */ = {
			isa = PBXGroup;
			children = (
				4C78EE6628DE1D2200306D58 /* Preview Assets.xcassets */,
			);
			path = "Preview Content";
			sourceTree = "<group>";
		};
		4C78EE6F28DE1D2200306D58 /* UVMapTests */ = {
			isa = PBXGroup;
			children = (
				4C78EE7028DE1D2200306D58 /* UVMapTests.swift */,
			);
			path = UVMapTests;
			sourceTree = "<group>";
		};
		4C78EE7928DE1D2200306D58 /* UVMapUITests */ = {
			isa = PBXGroup;
			children = (
				4C78EE7A28DE1D2200306D58 /* UVMapUITests.swift */,
				4C78EE7C28DE1D2200306D58 /* UVMapUITestsLaunchTests.swift */,
			);
			path = UVMapUITests;
			sourceTree = "<group>";
		};
		4C78EE8928DE1E6500306D58 /* Views */ = {
			isa = PBXGroup;
			children = (
				4C78EE6128DE1D1E00306D58 /* ContentView.swift */,
				4CD53881291587F800926C2E /* Loading screen */,
				4C78EE8D28DE1EA700306D58 /* Login View */,
				4C78EE8A28DE1E7C00306D58 /* Map View */,
				4C78EE9B28E223C900306D58 /* Navigation View */,
				4C78EE8B28DE1E8C00306D58 /* Schedule View */,
				4C78EE8C28DE1E9900306D58 /* Settings View */,
				4C7859E1291D880200C0C2F7 /* SignUp View */,
			);
			path = Views;
			sourceTree = "<group>";
		};
		4C78EE8A28DE1E7C00306D58 /* Map View */ = {
			isa = PBXGroup;
			children = (
				4C5B68C528F711CD00532DD2 /* BottomSheet.swift */,
				4C36C83728E4CC2500207EC5 /* BottomWindow.swift */,
				4CA09D2928F4978800484D6D /* BuildingAnnotation.swift */,
				040185BB291C0700003C0DB3 /* BuildingSearchResults.swift */,
				4C36C83528E4CB0700207EC5 /* ClassBuilding.swift */,
				4C36C83328E4C72800207EC5 /* ClassTime.swift */,
				4CF841CE28EB27FE001C7F24 /* CurrentLocationButton.swift */,
				049E3F7B291D920F003D8ACB /* EndRouteButton.swift */,
				04E4D01C2925367300DB02EB /* EtaButton.swift */,
				4C78EE8E28DE1F4400306D58 /* MainMapView.swift */,
				4C36C83128E4C5F700207EC5 /* NextClass.swift */,
				040185BD291C0795003C0DB3 /* OneBuildingResult.swift */,
				4C78EEA028E2263400306D58 /* SearchBar.swift */,
				4C36C83B28E5E46100207EC5 /* StartButton.swift */,
				4C78EE9E28E2253B00306D58 /* TheMap.swift */,
				4C434D73290C25FD005BB4F6 /* TopSchedule.swift */,
				4C36C83D28E5E65300207EC5 /* TripInformation.swift */,
				4C36C83928E4CC9500207EC5 /* WalkBikeOption.swift */,
			);
			path = "Map View";
			sourceTree = "<group>";
		};
		4C78EE8B28DE1E8C00306D58 /* Schedule View */ = {
			isa = PBXGroup;
			children = (
				4C11E85128F85CAA00710092 /* Add Class */,
				500DC3A528EA09F60085A130 /* ClassNameSchedule.swift */,
				500DC3AB28EA12CE0085A130 /* ClassProfessorSchedule.swift */,
				500DC3A928EA0E8B0085A130 /* ClassShell.swift */,
				50B55F43291420030078C231 /* ClassShellLarge.swift */,
				50622B8128EC75B400B42A3F /* ClassBuildingSchedule.swift */,
				50B55F45291425410078C231 /* ClassShellLargeLarge.swift */,
				500DC3A728EA0D580085A130 /* ClassTimeSchedule.swift */,
				500DC3A128EA06870085A130 /* DaysTemplate.swift */,
				50622B8B28EC79FE00B42A3F /* FridayScheduleMenu.swift */,
				500DC3A328EA07D40085A130 /* ScheduleChart.swift */,
				50622B8328EC79D600B42A3F /* MondayScheduleMenu.swift */,
				4C78EE9628DF652E00306D58 /* ScheduleView.swift */,
				50622B8928EC79F600B42A3F /* ThursdayScheduleMenu.swift */,
				50FEBF1728F8540700EC0F50 /* TitleBarSchedule.swift */,
				50622B8528EC79E100B42A3F /* TuesdayScheduleMenu.swift */,
				50622B8728EC79EE00B42A3F /* WednesdayScheduleMenu.swift */,
			);
			path = "Schedule View";
			sourceTree = "<group>";
		};
		4C78EE8C28DE1E9900306D58 /* Settings View */ = {
			isa = PBXGroup;
			children = (
				3F99AA2128F76417005AEF04 /* ArriveShell.swift */,
				3F44558E28F5BE1600F06DD3 /* HowEarlyDropDown.swift */,
				3F44558A28F5BB1600F06DD3 /* PrioritizeSchedule.swift */,
				3F649F87291C04BF006C2168 /* saveButton.swift */,
				4C78EE9428DF650D00306D58 /* SettingsView.swift */,
				045AFA43293511A800DA0229 /* SignOutButton.swift */,
				3F4E9F6028F85C0A00815202 /* ThemePicker.swift */,
				3F99AA2328F7694E005AEF04 /* TitleBar.swift */,
				50DFDB772937B25400FE65E0 /* PullFirebaseButton.swift */,
			);
			path = "Settings View";
			sourceTree = "<group>";
		};
		4C78EE8D28DE1EA700306D58 /* Login View */ = {
			isa = PBXGroup;
			children = (
				4CADAB1B2907108C00DE4F03 /* ErrorMessage.swift */,
				4C78EE9228DE9D2C00306D58 /* InnerBox.swift */,
				4C36C82D28E34A3000207EC5 /* LoginButton.swift */,
				4C78EE9028DE211B00306D58 /* LoginView.swift */,
				4C36C82B28E347BC00207EC5 /* PasswordView.swift */,
				4C36C82928E3463C00207EC5 /* UsernameView.swift */,
			);
			path = "Login View";
			sourceTree = "<group>";
		};
		4C78EE9B28E223C900306D58 /* Navigation View */ = {
			isa = PBXGroup;
			children = (
				4C36C82728E3427300207EC5 /* MainNavigation.swift */,
				4C99F98829032DBC006060CB /* NavigationBar.swift */,
			);
			path = "Navigation View";
			sourceTree = "<group>";
		};
		4CAF024B28F71D91005F605E /* Components */ = {
			isa = PBXGroup;
			children = (
				4CAF024C28F71DA4005F605E /* Blur.swift */,
				4CAF024E28F71F2A005F605E /* Extensions.swift */,
			);
			path = Components;
			sourceTree = "<group>";
		};
		4CD53881291587F800926C2E /* Loading screen */ = {
			isa = PBXGroup;
			children = (
				4CD538822915881100926C2E /* LoadingView.swift */,
			);
			path = "Loading screen";
			sourceTree = "<group>";
		};
		4CE7168A28F107F10069D6C0 /* Classes */ = {
			isa = PBXGroup;
			children = (
				4C36C84128E74DE900207EC5 /* Managers */,
				4CE7168B28F108E70069D6C0 /* Objects */,
			);
			path = Classes;
			sourceTree = "<group>";
		};
		4CE7168B28F108E70069D6C0 /* Objects */ = {
			isa = PBXGroup;
			children = (
				4CE7168C28F108FD0069D6C0 /* Building.swift */,
				50E43B9828F8D80F00CDF4D9 /* Lecture.swift */,
				4C28FF5C28FDD31600D75A1A /* SingleClass.swift */,
			);
			path = Objects;
			sourceTree = "<group>";
		};
/* End PBXGroup section */

/* Begin PBXNativeTarget section */
		4C78EE5B28DE1D1E00306D58 /* UVMap */ = {
			isa = PBXNativeTarget;
			buildConfigurationList = 4C78EE8028DE1D2200306D58 /* Build configuration list for PBXNativeTarget "UVMap" */;
			buildPhases = (
				4C78EE5828DE1D1E00306D58 /* Sources */,
				4C78EE5928DE1D1E00306D58 /* Frameworks */,
				4C78EE5A28DE1D1E00306D58 /* Resources */,
			);
			buildRules = (
			);
			dependencies = (
			);
			name = UVMap;
			packageProductDependencies = (
				4CE7168228F0B6940069D6C0 /* FirebaseAuth */,
				4CE7168428F0B6940069D6C0 /* FirebaseFirestore */,
				4C5B68C828F7120300532DD2 /* BottomSheet */,
				045C393E2914510E003BD700 /* Map */,
			);
			productName = UVMap;
			productReference = 4C78EE5C28DE1D1E00306D58 /* UVMaps.app */;
			productType = "com.apple.product-type.application";
		};
		4C78EE6B28DE1D2200306D58 /* UVMapTests */ = {
			isa = PBXNativeTarget;
			buildConfigurationList = 4C78EE8328DE1D2200306D58 /* Build configuration list for PBXNativeTarget "UVMapTests" */;
			buildPhases = (
				4C78EE6828DE1D2200306D58 /* Sources */,
				4C78EE6928DE1D2200306D58 /* Frameworks */,
				4C78EE6A28DE1D2200306D58 /* Resources */,
			);
			buildRules = (
			);
			dependencies = (
				4C78EE6E28DE1D2200306D58 /* PBXTargetDependency */,
			);
			name = UVMapTests;
			productName = UVMapTests;
			productReference = 4C78EE6C28DE1D2200306D58 /* UVMapTests.xctest */;
			productType = "com.apple.product-type.bundle.unit-test";
		};
		4C78EE7528DE1D2200306D58 /* UVMapUITests */ = {
			isa = PBXNativeTarget;
			buildConfigurationList = 4C78EE8628DE1D2200306D58 /* Build configuration list for PBXNativeTarget "UVMapUITests" */;
			buildPhases = (
				4C78EE7228DE1D2200306D58 /* Sources */,
				4C78EE7328DE1D2200306D58 /* Frameworks */,
				4C78EE7428DE1D2200306D58 /* Resources */,
			);
			buildRules = (
			);
			dependencies = (
				4C78EE7828DE1D2200306D58 /* PBXTargetDependency */,
			);
			name = UVMapUITests;
			productName = UVMapUITests;
			productReference = 4C78EE7628DE1D2200306D58 /* UVMapUITests.xctest */;
			productType = "com.apple.product-type.bundle.ui-testing";
		};
/* End PBXNativeTarget section */

/* Begin PBXProject section */
		4C78EE5428DE1D1E00306D58 /* Project object */ = {
			isa = PBXProject;
			attributes = {
				BuildIndependentTargetsInParallel = 1;
				LastSwiftUpdateCheck = 1340;
				LastUpgradeCheck = 1340;
				TargetAttributes = {
					4C78EE5B28DE1D1E00306D58 = {
						CreatedOnToolsVersion = 13.4.1;
					};
					4C78EE6B28DE1D2200306D58 = {
						CreatedOnToolsVersion = 13.4.1;
						TestTargetID = 4C78EE5B28DE1D1E00306D58;
					};
					4C78EE7528DE1D2200306D58 = {
						CreatedOnToolsVersion = 13.4.1;
						TestTargetID = 4C78EE5B28DE1D1E00306D58;
					};
				};
			};
			buildConfigurationList = 4C78EE5728DE1D1E00306D58 /* Build configuration list for PBXProject "UVMap" */;
			compatibilityVersion = "Xcode 13.0";
			developmentRegion = en;
			hasScannedForEncodings = 0;
			knownRegions = (
				en,
				Base,
			);
			mainGroup = 4C78EE5328DE1D1E00306D58;
			packageReferences = (
				4CE7168128F0B6940069D6C0 /* XCRemoteSwiftPackageReference "firebase-ios-sdk" */,
				4C5B68C728F7120200532DD2 /* XCRemoteSwiftPackageReference "BottomSheet" */,
				045C393D2914510E003BD700 /* XCRemoteSwiftPackageReference "Map" */,
			);
			productRefGroup = 4C78EE5D28DE1D1E00306D58 /* Products */;
			projectDirPath = "";
			projectRoot = "";
			targets = (
				4C78EE5B28DE1D1E00306D58 /* UVMap */,
				4C78EE6B28DE1D2200306D58 /* UVMapTests */,
				4C78EE7528DE1D2200306D58 /* UVMapUITests */,
			);
		};
/* End PBXProject section */

/* Begin PBXResourcesBuildPhase section */
		4C78EE5A28DE1D1E00306D58 /* Resources */ = {
			isa = PBXResourcesBuildPhase;
			buildActionMask = 2147483647;
			files = (
				4C8785FD2936506F00F34AD2 /* settings.json in Resources */,
				4C78EE6728DE1D2200306D58 /* Preview Assets.xcassets in Resources */,
				4C47B7A329082B2700C5DE09 /* all_classes.json in Resources */,
				4C78EE6428DE1D2200306D58 /* Assets.xcassets in Resources */,
				4C24003028EBB3A7002F7E2D /* GoogleService-Info.plist in Resources */,
				4C47B7A52909863F00C5DE09 /* student_classes.json in Resources */,
				4CA09D2828F4939400484D6D /* all_buildings.json in Resources */,
			);
			runOnlyForDeploymentPostprocessing = 0;
		};
		4C78EE6A28DE1D2200306D58 /* Resources */ = {
			isa = PBXResourcesBuildPhase;
			buildActionMask = 2147483647;
			files = (
			);
			runOnlyForDeploymentPostprocessing = 0;
		};
		4C78EE7428DE1D2200306D58 /* Resources */ = {
			isa = PBXResourcesBuildPhase;
			buildActionMask = 2147483647;
			files = (
			);
			runOnlyForDeploymentPostprocessing = 0;
		};
/* End PBXResourcesBuildPhase section */

/* Begin PBXSourcesBuildPhase section */
		4C78EE5828DE1D1E00306D58 /* Sources */ = {
			isa = PBXSourcesBuildPhase;
			buildActionMask = 2147483647;
			files = (
				049E3F7D291E14DE003D8ACB /* MainMapView.swift in Sources */,
				4C7859EB291D880200C0C2F7 /* SignUpRetypePasswordView.swift in Sources */,
				4C11E85528F8601200710092 /* ClassSearchBar.swift in Sources */,
				049E3F7C291D920F003D8ACB /* EndRouteButton.swift in Sources */,
				4C36C83828E4CC2500207EC5 /* BottomWindow.swift in Sources */,
				4C28FF67290029D500D75A1A /* AddClassSubmit.swift in Sources */,
				4C36C84328E74E1F00207EC5 /* SessionManager.swift in Sources */,
				4C5B68C628F711CE00532DD2 /* BottomSheet.swift in Sources */,
				4C7859EE291D880200C0C2F7 /* SignUpButton.swift in Sources */,
				50622B8828EC79EE00B42A3F /* WednesdayScheduleMenu.swift in Sources */,
				4C24003328EBB41B002F7E2D /* DatabaseManager.swift in Sources */,
				3F99AA2228F76417005AEF04 /* ArriveShell.swift in Sources */,
				4C36C83428E4C72800207EC5 /* ClassTime.swift in Sources */,
				4C36C83C28E5E46100207EC5 /* StartButton.swift in Sources */,
				4C28FF5F28FEEE9000D75A1A /* AdminDatabaseManager.swift in Sources */,
				4CF841CD28EB2144001C7F24 /* MapManager.swift in Sources */,
				50B55F46291425410078C231 /* ClassShellLargeLarge.swift in Sources */,
				4C99F98929032DBC006060CB /* NavigationBar.swift in Sources */,
				3F4E9F6128F85C0A00815202 /* ThemePicker.swift in Sources */,
				3F649F88291C04BF006C2168 /* saveButton.swift in Sources */,
				4C36C82A28E3463C00207EC5 /* UsernameView.swift in Sources */,
				500DC3A428EA07D40085A130 /* ScheduleChart.swift in Sources */,
				045AFA44293511A800DA0229 /* SignOutButton.swift in Sources */,
				04E4D01D2925367300DB02EB /* EtaButton.swift in Sources */,
				4C7859EC291D880200C0C2F7 /* EmailView.swift in Sources */,
				50E43B9928F8D80F00CDF4D9 /* Lecture.swift in Sources */,
				4C36C83628E4CB0700207EC5 /* ClassBuilding.swift in Sources */,
				500DC3AC28EA12CE0085A130 /* ClassProfessorSchedule.swift in Sources */,
				500DC3A628EA09F60085A130 /* ClassNameSchedule.swift in Sources */,
				500DC3A828EA0D580085A130 /* ClassTimeSchedule.swift in Sources */,
				4C36C82828E3427300207EC5 /* MainNavigation.swift in Sources */,
				3F99AA2428F7694E005AEF04 /* TitleBar.swift in Sources */,
				4C11E85328F85F1F00710092 /* AddClassView.swift in Sources */,
				4C28FF6528FF962600D75A1A /* OneSearchResult.swift in Sources */,
				4C78EE6228DE1D1E00306D58 /* ContentView.swift in Sources */,
				4C28FF5728FDC48A00D75A1A /* ClassesToBeAdded.swift in Sources */,
				4C28FF5D28FDD31600D75A1A /* SingleClass.swift in Sources */,
				4C78EE9328DE9D2D00306D58 /* InnerBox.swift in Sources */,
				3F44558B28F5BB1600F06DD3 /* PrioritizeSchedule.swift in Sources */,
				040185BC291C0700003C0DB3 /* BuildingSearchResults.swift in Sources */,
				4CADAB1C2907108C00DE4F03 /* ErrorMessage.swift in Sources */,
				4C28FF5928FDC4E100D75A1A /* AddOneClass.swift in Sources */,
				4C7859F2291D880200C0C2F7 /* SignUpView.swift in Sources */,
				50622B8A28EC79F600B42A3F /* ThursdayScheduleMenu.swift in Sources */,
				50B55F44291420040078C231 /* ClassShellLarge.swift in Sources */,
				040185BE291C0795003C0DB3 /* OneBuildingResult.swift in Sources */,
				500DC3A228EA06870085A130 /* DaysTemplate.swift in Sources */,
				50622B8C28EC79FE00B42A3F /* FridayScheduleMenu.swift in Sources */,
				3FDA51EE2902F24600E85CE0 /* settingsManager.swift in Sources */,
				4CA09D2A28F4978800484D6D /* BuildingAnnotation.swift in Sources */,
				4C36C83A28E4CC9500207EC5 /* WalkBikeOption.swift in Sources */,
				4CAF024F28F71F2A005F605E /* Extensions.swift in Sources */,
				4CE7168D28F108FD0069D6C0 /* Building.swift in Sources */,
				4C36C82C28E347BC00207EC5 /* PasswordView.swift in Sources */,
				50622B8428EC79D600B42A3F /* MondayScheduleMenu.swift in Sources */,
				4C7859ED291D880200C0C2F7 /* SignUpPasswordView.swift in Sources */,
				50FEBF1828F8540700EC0F50 /* TitleBarSchedule.swift in Sources */,
				4C7859EF291D880200C0C2F7 /* LastNameView.swift in Sources */,
				500DC3AA28EA0E8B0085A130 /* ClassShell.swift in Sources */,
				4C78EE9728DF652E00306D58 /* ScheduleView.swift in Sources */,
				3F44558F28F5BE1600F06DD3 /* HowEarlyDropDown.swift in Sources */,
				50622B8628EC79E100B42A3F /* TuesdayScheduleMenu.swift in Sources */,
				4C78EE9528DF650D00306D58 /* SettingsView.swift in Sources */,
				4C28FF5B28FDD2DE00D75A1A /* ClassManager.swift in Sources */,
				4C7859F1291D880200C0C2F7 /* SignUpInnerBoxes.swift in Sources */,
				50622B8228EC75B400B42A3F /* ClassBuildingSchedule.swift in Sources */,
				4CF841CF28EB27FE001C7F24 /* CurrentLocationButton.swift in Sources */,
				4CABE58328F06C600087DD98 /* SearchBarManager.swift in Sources */,
				4CD538832915881100926C2E /* LoadingView.swift in Sources */,
				4C7859F3291D880200C0C2F7 /* FirstNameView.swift in Sources */,
				4C78EE9128DE211B00306D58 /* LoginView.swift in Sources */,
				4C36C83E28E5E65300207EC5 /* TripInformation.swift in Sources */,
				4C36C82E28E34A3000207EC5 /* LoginButton.swift in Sources */,
				4C434D74290C25FD005BB4F6 /* TopSchedule.swift in Sources */,
				4C78EEA128E2263400306D58 /* SearchBar.swift in Sources */,
				4C78EE6028DE1D1E00306D58 /* UVMapApp.swift in Sources */,
				4CE7168728F0BCD10069D6C0 /* ReadBuildingsFromJSON.swift in Sources */,
				4CAF024D28F71DA4005F605E /* Blur.swift in Sources */,
				4C78EE9F28E2253B00306D58 /* TheMap.swift in Sources */,
				4C28FF6328FF95CE00D75A1A /* SearchResults.swift in Sources */,
				4C36C83228E4C5F700207EC5 /* NextClass.swift in Sources */,
				50DFDB782937B25400FE65E0 /* PullFirebaseButton.swift in Sources */,
			);
			runOnlyForDeploymentPostprocessing = 0;
		};
		4C78EE6828DE1D2200306D58 /* Sources */ = {
			isa = PBXSourcesBuildPhase;
			buildActionMask = 2147483647;
			files = (
				4C78EE7128DE1D2200306D58 /* UVMapTests.swift in Sources */,
			);
			runOnlyForDeploymentPostprocessing = 0;
		};
		4C78EE7228DE1D2200306D58 /* Sources */ = {
			isa = PBXSourcesBuildPhase;
			buildActionMask = 2147483647;
			files = (
				4C78EE7D28DE1D2200306D58 /* UVMapUITestsLaunchTests.swift in Sources */,
				4C78EE7B28DE1D2200306D58 /* UVMapUITests.swift in Sources */,
			);
			runOnlyForDeploymentPostprocessing = 0;
		};
/* End PBXSourcesBuildPhase section */

/* Begin PBXTargetDependency section */
		4C78EE6E28DE1D2200306D58 /* PBXTargetDependency */ = {
			isa = PBXTargetDependency;
			target = 4C78EE5B28DE1D1E00306D58 /* UVMap */;
			targetProxy = 4C78EE6D28DE1D2200306D58 /* PBXContainerItemProxy */;
		};
		4C78EE7828DE1D2200306D58 /* PBXTargetDependency */ = {
			isa = PBXTargetDependency;
			target = 4C78EE5B28DE1D1E00306D58 /* UVMap */;
			targetProxy = 4C78EE7728DE1D2200306D58 /* PBXContainerItemProxy */;
		};
/* End PBXTargetDependency section */

/* Begin XCBuildConfiguration section */
		4C78EE7E28DE1D2200306D58 /* Debug */ = {
			isa = XCBuildConfiguration;
			buildSettings = {
				ALWAYS_SEARCH_USER_PATHS = NO;
				CLANG_ANALYZER_NONNULL = YES;
				CLANG_ANALYZER_NUMBER_OBJECT_CONVERSION = YES_AGGRESSIVE;
				CLANG_CXX_LANGUAGE_STANDARD = "gnu++17";
				CLANG_ENABLE_MODULES = YES;
				CLANG_ENABLE_OBJC_ARC = YES;
				CLANG_ENABLE_OBJC_WEAK = YES;
				CLANG_WARN_BLOCK_CAPTURE_AUTORELEASING = YES;
				CLANG_WARN_BOOL_CONVERSION = YES;
				CLANG_WARN_COMMA = YES;
				CLANG_WARN_CONSTANT_CONVERSION = YES;
				CLANG_WARN_DEPRECATED_OBJC_IMPLEMENTATIONS = YES;
				CLANG_WARN_DIRECT_OBJC_ISA_USAGE = YES_ERROR;
				CLANG_WARN_DOCUMENTATION_COMMENTS = YES;
				CLANG_WARN_EMPTY_BODY = YES;
				CLANG_WARN_ENUM_CONVERSION = YES;
				CLANG_WARN_INFINITE_RECURSION = YES;
				CLANG_WARN_INT_CONVERSION = YES;
				CLANG_WARN_NON_LITERAL_NULL_CONVERSION = YES;
				CLANG_WARN_OBJC_IMPLICIT_RETAIN_SELF = YES;
				CLANG_WARN_OBJC_LITERAL_CONVERSION = YES;
				CLANG_WARN_OBJC_ROOT_CLASS = YES_ERROR;
				CLANG_WARN_QUOTED_INCLUDE_IN_FRAMEWORK_HEADER = YES;
				CLANG_WARN_RANGE_LOOP_ANALYSIS = YES;
				CLANG_WARN_STRICT_PROTOTYPES = YES;
				CLANG_WARN_SUSPICIOUS_MOVE = YES;
				CLANG_WARN_UNGUARDED_AVAILABILITY = YES_AGGRESSIVE;
				CLANG_WARN_UNREACHABLE_CODE = YES;
				CLANG_WARN__DUPLICATE_METHOD_MATCH = YES;
				COPY_PHASE_STRIP = NO;
				DEBUG_INFORMATION_FORMAT = dwarf;
				ENABLE_STRICT_OBJC_MSGSEND = YES;
				ENABLE_TESTABILITY = YES;
				GCC_C_LANGUAGE_STANDARD = gnu11;
				GCC_DYNAMIC_NO_PIC = NO;
				GCC_NO_COMMON_BLOCKS = YES;
				GCC_OPTIMIZATION_LEVEL = 0;
				GCC_PREPROCESSOR_DEFINITIONS = (
					"DEBUG=1",
					"$(inherited)",
				);
				GCC_WARN_64_TO_32_BIT_CONVERSION = YES;
				GCC_WARN_ABOUT_RETURN_TYPE = YES_ERROR;
				GCC_WARN_UNDECLARED_SELECTOR = YES;
				GCC_WARN_UNINITIALIZED_AUTOS = YES_AGGRESSIVE;
				GCC_WARN_UNUSED_FUNCTION = YES;
				GCC_WARN_UNUSED_VARIABLE = YES;
				IPHONEOS_DEPLOYMENT_TARGET = 15.5;
				MTL_ENABLE_DEBUG_INFO = INCLUDE_SOURCE;
				MTL_FAST_MATH = YES;
				ONLY_ACTIVE_ARCH = YES;
				SDKROOT = iphoneos;
				SWIFT_ACTIVE_COMPILATION_CONDITIONS = DEBUG;
				SWIFT_OPTIMIZATION_LEVEL = "-Onone";
			};
			name = Debug;
		};
		4C78EE7F28DE1D2200306D58 /* Release */ = {
			isa = XCBuildConfiguration;
			buildSettings = {
				ALWAYS_SEARCH_USER_PATHS = NO;
				CLANG_ANALYZER_NONNULL = YES;
				CLANG_ANALYZER_NUMBER_OBJECT_CONVERSION = YES_AGGRESSIVE;
				CLANG_CXX_LANGUAGE_STANDARD = "gnu++17";
				CLANG_ENABLE_MODULES = YES;
				CLANG_ENABLE_OBJC_ARC = YES;
				CLANG_ENABLE_OBJC_WEAK = YES;
				CLANG_WARN_BLOCK_CAPTURE_AUTORELEASING = YES;
				CLANG_WARN_BOOL_CONVERSION = YES;
				CLANG_WARN_COMMA = YES;
				CLANG_WARN_CONSTANT_CONVERSION = YES;
				CLANG_WARN_DEPRECATED_OBJC_IMPLEMENTATIONS = YES;
				CLANG_WARN_DIRECT_OBJC_ISA_USAGE = YES_ERROR;
				CLANG_WARN_DOCUMENTATION_COMMENTS = YES;
				CLANG_WARN_EMPTY_BODY = YES;
				CLANG_WARN_ENUM_CONVERSION = YES;
				CLANG_WARN_INFINITE_RECURSION = YES;
				CLANG_WARN_INT_CONVERSION = YES;
				CLANG_WARN_NON_LITERAL_NULL_CONVERSION = YES;
				CLANG_WARN_OBJC_IMPLICIT_RETAIN_SELF = YES;
				CLANG_WARN_OBJC_LITERAL_CONVERSION = YES;
				CLANG_WARN_OBJC_ROOT_CLASS = YES_ERROR;
				CLANG_WARN_QUOTED_INCLUDE_IN_FRAMEWORK_HEADER = YES;
				CLANG_WARN_RANGE_LOOP_ANALYSIS = YES;
				CLANG_WARN_STRICT_PROTOTYPES = YES;
				CLANG_WARN_SUSPICIOUS_MOVE = YES;
				CLANG_WARN_UNGUARDED_AVAILABILITY = YES_AGGRESSIVE;
				CLANG_WARN_UNREACHABLE_CODE = YES;
				CLANG_WARN__DUPLICATE_METHOD_MATCH = YES;
				COPY_PHASE_STRIP = NO;
				DEBUG_INFORMATION_FORMAT = "dwarf-with-dsym";
				ENABLE_NS_ASSERTIONS = NO;
				ENABLE_STRICT_OBJC_MSGSEND = YES;
				GCC_C_LANGUAGE_STANDARD = gnu11;
				GCC_NO_COMMON_BLOCKS = YES;
				GCC_WARN_64_TO_32_BIT_CONVERSION = YES;
				GCC_WARN_ABOUT_RETURN_TYPE = YES_ERROR;
				GCC_WARN_UNDECLARED_SELECTOR = YES;
				GCC_WARN_UNINITIALIZED_AUTOS = YES_AGGRESSIVE;
				GCC_WARN_UNUSED_FUNCTION = YES;
				GCC_WARN_UNUSED_VARIABLE = YES;
				IPHONEOS_DEPLOYMENT_TARGET = 15.5;
				MTL_ENABLE_DEBUG_INFO = NO;
				MTL_FAST_MATH = YES;
				SDKROOT = iphoneos;
				SWIFT_COMPILATION_MODE = wholemodule;
				SWIFT_OPTIMIZATION_LEVEL = "-O";
				VALIDATE_PRODUCT = YES;
			};
			name = Release;
		};
		4C78EE8128DE1D2200306D58 /* Debug */ = {
			isa = XCBuildConfiguration;
			buildSettings = {
				ASSETCATALOG_COMPILER_APPICON_NAME = AppIcon;
				ASSETCATALOG_COMPILER_GLOBAL_ACCENT_COLOR_NAME = AccentColor;
				CODE_SIGN_IDENTITY = "Apple Development";
				CODE_SIGN_STYLE = Automatic;
				CURRENT_PROJECT_VERSION = 1;
				DEVELOPMENT_ASSET_PATHS = "\"UVMap/Preview Content\"";
				DEVELOPMENT_TEAM = 37FUKX349X;
				ENABLE_PREVIEWS = YES;
				GENERATE_INFOPLIST_FILE = YES;
				INFOPLIST_KEY_LSApplicationCategoryType = "public.app-category.navigation";
				INFOPLIST_KEY_NSLocationWhenInUseUsageDescription = "This app needs your location to accurately guide you to class";
				INFOPLIST_KEY_UIApplicationSceneManifest_Generation = YES;
				INFOPLIST_KEY_UIApplicationSupportsIndirectInputEvents = YES;
				INFOPLIST_KEY_UILaunchScreen_Generation = YES;
				INFOPLIST_KEY_UIRequiresFullScreen = YES;
				INFOPLIST_KEY_UISupportedInterfaceOrientations = UIInterfaceOrientationPortrait;
				MARKETING_VERSION = 1.0;
				PRODUCT_BUNDLE_IDENTIFIER = UVMapTeam.UVMaps;
				PRODUCT_NAME = UVMaps;
				PROVISIONING_PROFILE_SPECIFIER = "";
				SWIFT_EMIT_LOC_STRINGS = YES;
				SWIFT_VERSION = 5.0;
				TARGETED_DEVICE_FAMILY = "1,2";
			};
			name = Debug;
		};
		4C78EE8228DE1D2200306D58 /* Release */ = {
			isa = XCBuildConfiguration;
			buildSettings = {
				ASSETCATALOG_COMPILER_APPICON_NAME = AppIcon;
				ASSETCATALOG_COMPILER_GLOBAL_ACCENT_COLOR_NAME = AccentColor;
				CODE_SIGN_IDENTITY = "Apple Development";
				CODE_SIGN_STYLE = Automatic;
				CURRENT_PROJECT_VERSION = 1;
				DEVELOPMENT_ASSET_PATHS = "\"UVMap/Preview Content\"";
				DEVELOPMENT_TEAM = 37FUKX349X;
				ENABLE_PREVIEWS = YES;
				GENERATE_INFOPLIST_FILE = YES;
				INFOPLIST_KEY_LSApplicationCategoryType = "public.app-category.navigation";
				INFOPLIST_KEY_NSLocationWhenInUseUsageDescription = "This app needs your location to accurately guide you to class";
				INFOPLIST_KEY_UIApplicationSceneManifest_Generation = YES;
				INFOPLIST_KEY_UIApplicationSupportsIndirectInputEvents = YES;
				INFOPLIST_KEY_UILaunchScreen_Generation = YES;
				INFOPLIST_KEY_UIRequiresFullScreen = YES;
				INFOPLIST_KEY_UISupportedInterfaceOrientations = UIInterfaceOrientationPortrait;
				MARKETING_VERSION = 1.0;
				PRODUCT_BUNDLE_IDENTIFIER = UVMapTeam.UVMaps;
				PRODUCT_NAME = UVMaps;
				PROVISIONING_PROFILE_SPECIFIER = "";
				SWIFT_EMIT_LOC_STRINGS = YES;
				SWIFT_VERSION = 5.0;
				TARGETED_DEVICE_FAMILY = "1,2";
			};
			name = Release;
		};
		4C78EE8428DE1D2200306D58 /* Debug */ = {
			isa = XCBuildConfiguration;
			buildSettings = {
				ALWAYS_EMBED_SWIFT_STANDARD_LIBRARIES = YES;
				BUNDLE_LOADER = "$(TEST_HOST)";
				CODE_SIGN_STYLE = Automatic;
				CURRENT_PROJECT_VERSION = 1;
				DEVELOPMENT_TEAM = P4T7H3MJYN;
				GENERATE_INFOPLIST_FILE = YES;
				IPHONEOS_DEPLOYMENT_TARGET = 15.5;
				MARKETING_VERSION = 1.0;
				PRODUCT_BUNDLE_IDENTIFIER = "Ty-Allembert.UVMapTests";
				PRODUCT_NAME = "$(TARGET_NAME)";
				SWIFT_EMIT_LOC_STRINGS = NO;
				SWIFT_VERSION = 5.0;
				TARGETED_DEVICE_FAMILY = "1,2";
				TEST_HOST = "$(BUILT_PRODUCTS_DIR)/UVMap.app/UVMap";
			};
			name = Debug;
		};
		4C78EE8528DE1D2200306D58 /* Release */ = {
			isa = XCBuildConfiguration;
			buildSettings = {
				ALWAYS_EMBED_SWIFT_STANDARD_LIBRARIES = YES;
				BUNDLE_LOADER = "$(TEST_HOST)";
				CODE_SIGN_STYLE = Automatic;
				CURRENT_PROJECT_VERSION = 1;
				DEVELOPMENT_TEAM = P4T7H3MJYN;
				GENERATE_INFOPLIST_FILE = YES;
				IPHONEOS_DEPLOYMENT_TARGET = 15.5;
				MARKETING_VERSION = 1.0;
				PRODUCT_BUNDLE_IDENTIFIER = "Ty-Allembert.UVMapTests";
				PRODUCT_NAME = "$(TARGET_NAME)";
				SWIFT_EMIT_LOC_STRINGS = NO;
				SWIFT_VERSION = 5.0;
				TARGETED_DEVICE_FAMILY = "1,2";
				TEST_HOST = "$(BUILT_PRODUCTS_DIR)/UVMap.app/UVMap";
			};
			name = Release;
		};
		4C78EE8728DE1D2200306D58 /* Debug */ = {
			isa = XCBuildConfiguration;
			buildSettings = {
				ALWAYS_EMBED_SWIFT_STANDARD_LIBRARIES = YES;
				CODE_SIGN_STYLE = Automatic;
				CURRENT_PROJECT_VERSION = 1;
				DEVELOPMENT_TEAM = P4T7H3MJYN;
				GENERATE_INFOPLIST_FILE = YES;
				MARKETING_VERSION = 1.0;
				PRODUCT_BUNDLE_IDENTIFIER = "Ty-Allembert.UVMapUITests";
				PRODUCT_NAME = "$(TARGET_NAME)";
				SWIFT_EMIT_LOC_STRINGS = NO;
				SWIFT_VERSION = 5.0;
				TARGETED_DEVICE_FAMILY = "1,2";
				TEST_TARGET_NAME = UVMap;
			};
			name = Debug;
		};
		4C78EE8828DE1D2200306D58 /* Release */ = {
			isa = XCBuildConfiguration;
			buildSettings = {
				ALWAYS_EMBED_SWIFT_STANDARD_LIBRARIES = YES;
				CODE_SIGN_STYLE = Automatic;
				CURRENT_PROJECT_VERSION = 1;
				DEVELOPMENT_TEAM = P4T7H3MJYN;
				GENERATE_INFOPLIST_FILE = YES;
				MARKETING_VERSION = 1.0;
				PRODUCT_BUNDLE_IDENTIFIER = "Ty-Allembert.UVMapUITests";
				PRODUCT_NAME = "$(TARGET_NAME)";
				SWIFT_EMIT_LOC_STRINGS = NO;
				SWIFT_VERSION = 5.0;
				TARGETED_DEVICE_FAMILY = "1,2";
				TEST_TARGET_NAME = UVMap;
			};
			name = Release;
		};
/* End XCBuildConfiguration section */

/* Begin XCConfigurationList section */
		4C78EE5728DE1D1E00306D58 /* Build configuration list for PBXProject "UVMap" */ = {
			isa = XCConfigurationList;
			buildConfigurations = (
				4C78EE7E28DE1D2200306D58 /* Debug */,
				4C78EE7F28DE1D2200306D58 /* Release */,
			);
			defaultConfigurationIsVisible = 0;
			defaultConfigurationName = Release;
		};
		4C78EE8028DE1D2200306D58 /* Build configuration list for PBXNativeTarget "UVMap" */ = {
			isa = XCConfigurationList;
			buildConfigurations = (
				4C78EE8128DE1D2200306D58 /* Debug */,
				4C78EE8228DE1D2200306D58 /* Release */,
			);
			defaultConfigurationIsVisible = 0;
			defaultConfigurationName = Release;
		};
		4C78EE8328DE1D2200306D58 /* Build configuration list for PBXNativeTarget "UVMapTests" */ = {
			isa = XCConfigurationList;
			buildConfigurations = (
				4C78EE8428DE1D2200306D58 /* Debug */,
				4C78EE8528DE1D2200306D58 /* Release */,
			);
			defaultConfigurationIsVisible = 0;
			defaultConfigurationName = Release;
		};
		4C78EE8628DE1D2200306D58 /* Build configuration list for PBXNativeTarget "UVMapUITests" */ = {
			isa = XCConfigurationList;
			buildConfigurations = (
				4C78EE8728DE1D2200306D58 /* Debug */,
				4C78EE8828DE1D2200306D58 /* Release */,
			);
			defaultConfigurationIsVisible = 0;
			defaultConfigurationName = Release;
		};
/* End XCConfigurationList section */

/* Begin XCRemoteSwiftPackageReference section */
		045C393D2914510E003BD700 /* XCRemoteSwiftPackageReference "Map" */ = {
			isa = XCRemoteSwiftPackageReference;
			repositoryURL = "https://github.com/pauljohanneskraft/Map";
			requirement = {
				branch = main;
				kind = branch;
			};
		};
		4C5B68C728F7120200532DD2 /* XCRemoteSwiftPackageReference "BottomSheet" */ = {
			isa = XCRemoteSwiftPackageReference;
			repositoryURL = "https://github.com/Wouter125/BottomSheet";
			requirement = {
				branch = main;
				kind = branch;
			};
		};
		4CE7168128F0B6940069D6C0 /* XCRemoteSwiftPackageReference "firebase-ios-sdk" */ = {
			isa = XCRemoteSwiftPackageReference;
			repositoryURL = "https://github.com/firebase/firebase-ios-sdk.git";
			requirement = {
				kind = upToNextMajorVersion;
				minimumVersion = 9.0.0;
			};
		};
/* End XCRemoteSwiftPackageReference section */

/* Begin XCSwiftPackageProductDependency section */
		045C393E2914510E003BD700 /* Map */ = {
			isa = XCSwiftPackageProductDependency;
			package = 045C393D2914510E003BD700 /* XCRemoteSwiftPackageReference "Map" */;
			productName = Map;
		};
		4C5B68C828F7120300532DD2 /* BottomSheet */ = {
			isa = XCSwiftPackageProductDependency;
			package = 4C5B68C728F7120200532DD2 /* XCRemoteSwiftPackageReference "BottomSheet" */;
			productName = BottomSheet;
		};
		4CE7168228F0B6940069D6C0 /* FirebaseAuth */ = {
			isa = XCSwiftPackageProductDependency;
			package = 4CE7168128F0B6940069D6C0 /* XCRemoteSwiftPackageReference "firebase-ios-sdk" */;
			productName = FirebaseAuth;
		};
		4CE7168428F0B6940069D6C0 /* FirebaseFirestore */ = {
			isa = XCSwiftPackageProductDependency;
			package = 4CE7168128F0B6940069D6C0 /* XCRemoteSwiftPackageReference "firebase-ios-sdk" */;
			productName = FirebaseFirestore;
		};
/* End XCSwiftPackageProductDependency section */
	};
	rootObject = 4C78EE5428DE1D1E00306D58 /* Project object */;
}
