// !$*UTF8*$!
{
	archiveVersion = 1;
	classes = {
	};
	objectVersion = 55;
	objects = {

/* Begin PBXBuildFile section */
		4C36C82828E3427300207EC5 /* MainNavigation.swift in Sources */ = {isa = PBXBuildFile; fileRef = 4C36C82728E3427300207EC5 /* MainNavigation.swift */; };
		4C36C82A28E3463C00207EC5 /* UsernameView.swift in Sources */ = {isa = PBXBuildFile; fileRef = 4C36C82928E3463C00207EC5 /* UsernameView.swift */; };
		4C36C82C28E347BC00207EC5 /* PasswordView.swift in Sources */ = {isa = PBXBuildFile; fileRef = 4C36C82B28E347BC00207EC5 /* PasswordView.swift */; };
		4C36C82E28E34A3000207EC5 /* LoginButton.swift in Sources */ = {isa = PBXBuildFile; fileRef = 4C36C82D28E34A3000207EC5 /* LoginButton.swift */; };
		4C36C83228E4C5F700207EC5 /* NextClass.swift in Sources */ = {isa = PBXBuildFile; fileRef = 4C36C83128E4C5F700207EC5 /* NextClass.swift */; };
		4C36C83428E4C72800207EC5 /* ClassTime.swift in Sources */ = {isa = PBXBuildFile; fileRef = 4C36C83328E4C72800207EC5 /* ClassTime.swift */; };
		4C36C83628E4CB0700207EC5 /* ClassBuilding.swift in Sources */ = {isa = PBXBuildFile; fileRef = 4C36C83528E4CB0700207EC5 /* ClassBuilding.swift */; };
		4C36C83828E4CC2500207EC5 /* BottomWindow.swift in Sources */ = {isa = PBXBuildFile; fileRef = 4C36C83728E4CC2500207EC5 /* BottomWindow.swift */; };
		4C36C83A28E4CC9500207EC5 /* WalkBikeOption.swift in Sources */ = {isa = PBXBuildFile; fileRef = 4C36C83928E4CC9500207EC5 /* WalkBikeOption.swift */; };
		4C36C83C28E5E46100207EC5 /* StartButton.swift in Sources */ = {isa = PBXBuildFile; fileRef = 4C36C83B28E5E46100207EC5 /* StartButton.swift */; };
		4C36C83E28E5E65300207EC5 /* TripInformation.swift in Sources */ = {isa = PBXBuildFile; fileRef = 4C36C83D28E5E65300207EC5 /* TripInformation.swift */; };
		4C36C84028E61F7F00207EC5 /* BottomWindowMinimized.swift in Sources */ = {isa = PBXBuildFile; fileRef = 4C36C83F28E61F7F00207EC5 /* BottomWindowMinimized.swift */; };
		4C78EE6028DE1D1E00306D58 /* UVMapApp.swift in Sources */ = {isa = PBXBuildFile; fileRef = 4C78EE5F28DE1D1E00306D58 /* UVMapApp.swift */; };
		4C78EE6228DE1D1E00306D58 /* ContentView.swift in Sources */ = {isa = PBXBuildFile; fileRef = 4C78EE6128DE1D1E00306D58 /* ContentView.swift */; };
		4C78EE6428DE1D2200306D58 /* Assets.xcassets in Resources */ = {isa = PBXBuildFile; fileRef = 4C78EE6328DE1D2200306D58 /* Assets.xcassets */; };
		4C78EE6728DE1D2200306D58 /* Preview Assets.xcassets in Resources */ = {isa = PBXBuildFile; fileRef = 4C78EE6628DE1D2200306D58 /* Preview Assets.xcassets */; };
		4C78EE7128DE1D2200306D58 /* UVMapTests.swift in Sources */ = {isa = PBXBuildFile; fileRef = 4C78EE7028DE1D2200306D58 /* UVMapTests.swift */; };
		4C78EE7B28DE1D2200306D58 /* UVMapUITests.swift in Sources */ = {isa = PBXBuildFile; fileRef = 4C78EE7A28DE1D2200306D58 /* UVMapUITests.swift */; };
		4C78EE7D28DE1D2200306D58 /* UVMapUITestsLaunchTests.swift in Sources */ = {isa = PBXBuildFile; fileRef = 4C78EE7C28DE1D2200306D58 /* UVMapUITestsLaunchTests.swift */; };
		4C78EE8F28DE1F4400306D58 /* MapView.swift in Sources */ = {isa = PBXBuildFile; fileRef = 4C78EE8E28DE1F4400306D58 /* MapView.swift */; };
		4C78EE9128DE211B00306D58 /* LoginView.swift in Sources */ = {isa = PBXBuildFile; fileRef = 4C78EE9028DE211B00306D58 /* LoginView.swift */; };
		4C78EE9328DE9D2D00306D58 /* InnerBox.swift in Sources */ = {isa = PBXBuildFile; fileRef = 4C78EE9228DE9D2C00306D58 /* InnerBox.swift */; };
		4C78EE9528DF650D00306D58 /* SettingsView.swift in Sources */ = {isa = PBXBuildFile; fileRef = 4C78EE9428DF650D00306D58 /* SettingsView.swift */; };
		4C78EE9728DF652E00306D58 /* ScheduleView.swift in Sources */ = {isa = PBXBuildFile; fileRef = 4C78EE9628DF652E00306D58 /* ScheduleView.swift */; };
		4C78EE9D28E223E000306D58 /* BottomNavigation.swift in Sources */ = {isa = PBXBuildFile; fileRef = 4C78EE9C28E223E000306D58 /* BottomNavigation.swift */; };
		4C78EE9F28E2253B00306D58 /* TheMap.swift in Sources */ = {isa = PBXBuildFile; fileRef = 4C78EE9E28E2253B00306D58 /* TheMap.swift */; };
		4C78EEA128E2263400306D58 /* SearchBar.swift in Sources */ = {isa = PBXBuildFile; fileRef = 4C78EEA028E2263400306D58 /* SearchBar.swift */; };
/* End PBXBuildFile section */

/* Begin PBXContainerItemProxy section */
		4C78EE6D28DE1D2200306D58 /* PBXContainerItemProxy */ = {
			isa = PBXContainerItemProxy;
			containerPortal = 4C78EE5428DE1D1E00306D58 /* Project object */;
			proxyType = 1;
			remoteGlobalIDString = 4C78EE5B28DE1D1E00306D58;
			remoteInfo = UVMap;
		};
		4C78EE7728DE1D2200306D58 /* PBXContainerItemProxy */ = {
			isa = PBXContainerItemProxy;
			containerPortal = 4C78EE5428DE1D1E00306D58 /* Project object */;
			proxyType = 1;
			remoteGlobalIDString = 4C78EE5B28DE1D1E00306D58;
			remoteInfo = UVMap;
		};
/* End PBXContainerItemProxy section */

/* Begin PBXFileReference section */
		4C36C82728E3427300207EC5 /* MainNavigation.swift */ = {isa = PBXFileReference; lastKnownFileType = sourcecode.swift; path = MainNavigation.swift; sourceTree = "<group>"; };
		4C36C82928E3463C00207EC5 /* UsernameView.swift */ = {isa = PBXFileReference; lastKnownFileType = sourcecode.swift; path = UsernameView.swift; sourceTree = "<group>"; };
		4C36C82B28E347BC00207EC5 /* PasswordView.swift */ = {isa = PBXFileReference; lastKnownFileType = sourcecode.swift; path = PasswordView.swift; sourceTree = "<group>"; };
		4C36C82D28E34A3000207EC5 /* LoginButton.swift */ = {isa = PBXFileReference; lastKnownFileType = sourcecode.swift; path = LoginButton.swift; sourceTree = "<group>"; };
		4C36C83128E4C5F700207EC5 /* NextClass.swift */ = {isa = PBXFileReference; lastKnownFileType = sourcecode.swift; path = NextClass.swift; sourceTree = "<group>"; };
		4C36C83328E4C72800207EC5 /* ClassTime.swift */ = {isa = PBXFileReference; lastKnownFileType = sourcecode.swift; path = ClassTime.swift; sourceTree = "<group>"; };
		4C36C83528E4CB0700207EC5 /* ClassBuilding.swift */ = {isa = PBXFileReference; lastKnownFileType = sourcecode.swift; path = ClassBuilding.swift; sourceTree = "<group>"; };
		4C36C83728E4CC2500207EC5 /* BottomWindow.swift */ = {isa = PBXFileReference; lastKnownFileType = sourcecode.swift; path = BottomWindow.swift; sourceTree = "<group>"; };
		4C36C83928E4CC9500207EC5 /* WalkBikeOption.swift */ = {isa = PBXFileReference; lastKnownFileType = sourcecode.swift; path = WalkBikeOption.swift; sourceTree = "<group>"; };
		4C36C83B28E5E46100207EC5 /* StartButton.swift */ = {isa = PBXFileReference; lastKnownFileType = sourcecode.swift; path = StartButton.swift; sourceTree = "<group>"; };
		4C36C83D28E5E65300207EC5 /* TripInformation.swift */ = {isa = PBXFileReference; lastKnownFileType = sourcecode.swift; path = TripInformation.swift; sourceTree = "<group>"; };
		4C36C83F28E61F7F00207EC5 /* BottomWindowMinimized.swift */ = {isa = PBXFileReference; lastKnownFileType = sourcecode.swift; path = BottomWindowMinimized.swift; sourceTree = "<group>"; };
		4C78EE5C28DE1D1E00306D58 /* UVMap.app */ = {isa = PBXFileReference; explicitFileType = wrapper.application; includeInIndex = 0; path = UVMap.app; sourceTree = BUILT_PRODUCTS_DIR; };
		4C78EE5F28DE1D1E00306D58 /* UVMapApp.swift */ = {isa = PBXFileReference; lastKnownFileType = sourcecode.swift; path = UVMapApp.swift; sourceTree = "<group>"; };
		4C78EE6128DE1D1E00306D58 /* ContentView.swift */ = {isa = PBXFileReference; lastKnownFileType = sourcecode.swift; path = ContentView.swift; sourceTree = "<group>"; };
		4C78EE6328DE1D2200306D58 /* Assets.xcassets */ = {isa = PBXFileReference; lastKnownFileType = folder.assetcatalog; path = Assets.xcassets; sourceTree = "<group>"; };
		4C78EE6628DE1D2200306D58 /* Preview Assets.xcassets */ = {isa = PBXFileReference; lastKnownFileType = folder.assetcatalog; path = "Preview Assets.xcassets"; sourceTree = "<group>"; };
		4C78EE6C28DE1D2200306D58 /* UVMapTests.xctest */ = {isa = PBXFileReference; explicitFileType = wrapper.cfbundle; includeInIndex = 0; path = UVMapTests.xctest; sourceTree = BUILT_PRODUCTS_DIR; };
		4C78EE7028DE1D2200306D58 /* UVMapTests.swift */ = {isa = PBXFileReference; lastKnownFileType = sourcecode.swift; path = UVMapTests.swift; sourceTree = "<group>"; };
		4C78EE7628DE1D2200306D58 /* UVMapUITests.xctest */ = {isa = PBXFileReference; explicitFileType = wrapper.cfbundle; includeInIndex = 0; path = UVMapUITests.xctest; sourceTree = BUILT_PRODUCTS_DIR; };
		4C78EE7A28DE1D2200306D58 /* UVMapUITests.swift */ = {isa = PBXFileReference; lastKnownFileType = sourcecode.swift; path = UVMapUITests.swift; sourceTree = "<group>"; };
		4C78EE7C28DE1D2200306D58 /* UVMapUITestsLaunchTests.swift */ = {isa = PBXFileReference; lastKnownFileType = sourcecode.swift; path = UVMapUITestsLaunchTests.swift; sourceTree = "<group>"; };
		4C78EE8E28DE1F4400306D58 /* MapView.swift */ = {isa = PBXFileReference; lastKnownFileType = sourcecode.swift; path = MapView.swift; sourceTree = "<group>"; };
		4C78EE9028DE211B00306D58 /* LoginView.swift */ = {isa = PBXFileReference; lastKnownFileType = sourcecode.swift; path = LoginView.swift; sourceTree = "<group>"; };
		4C78EE9228DE9D2C00306D58 /* InnerBox.swift */ = {isa = PBXFileReference; lastKnownFileType = sourcecode.swift; path = InnerBox.swift; sourceTree = "<group>"; };
		4C78EE9428DF650D00306D58 /* SettingsView.swift */ = {isa = PBXFileReference; lastKnownFileType = sourcecode.swift; path = SettingsView.swift; sourceTree = "<group>"; };
		4C78EE9628DF652E00306D58 /* ScheduleView.swift */ = {isa = PBXFileReference; lastKnownFileType = sourcecode.swift; path = ScheduleView.swift; sourceTree = "<group>"; };
		4C78EE9C28E223E000306D58 /* BottomNavigation.swift */ = {isa = PBXFileReference; fileEncoding = 4; lastKnownFileType = sourcecode.swift; path = BottomNavigation.swift; sourceTree = "<group>"; };
		4C78EE9E28E2253B00306D58 /* TheMap.swift */ = {isa = PBXFileReference; lastKnownFileType = sourcecode.swift; path = TheMap.swift; sourceTree = "<group>"; };
		4C78EEA028E2263400306D58 /* SearchBar.swift */ = {isa = PBXFileReference; lastKnownFileType = sourcecode.swift; path = SearchBar.swift; sourceTree = "<group>"; };
/* End PBXFileReference section */

/* Begin PBXFrameworksBuildPhase section */
		4C78EE5928DE1D1E00306D58 /* Frameworks */ = {
			isa = PBXFrameworksBuildPhase;
			buildActionMask = 2147483647;
			files = (
			);
			runOnlyForDeploymentPostprocessing = 0;
		};
		4C78EE6928DE1D2200306D58 /* Frameworks */ = {
			isa = PBXFrameworksBuildPhase;
			buildActionMask = 2147483647;
			files = (
			);
			runOnlyForDeploymentPostprocessing = 0;
		};
		4C78EE7328DE1D2200306D58 /* Frameworks */ = {
			isa = PBXFrameworksBuildPhase;
			buildActionMask = 2147483647;
			files = (
			);
			runOnlyForDeploymentPostprocessing = 0;
		};
/* End PBXFrameworksBuildPhase section */

/* Begin PBXGroup section */
		4C78EE5328DE1D1E00306D58 = {
			isa = PBXGroup;
			children = (
				4C78EE5E28DE1D1E00306D58 /* UVMap */,
				4C78EE6F28DE1D2200306D58 /* UVMapTests */,
				4C78EE7928DE1D2200306D58 /* UVMapUITests */,
				4C78EE5D28DE1D1E00306D58 /* Products */,
			);
			sourceTree = "<group>";
		};
		4C78EE5D28DE1D1E00306D58 /* Products */ = {
			isa = PBXGroup;
			children = (
				4C78EE5C28DE1D1E00306D58 /* UVMap.app */,
				4C78EE6C28DE1D2200306D58 /* UVMapTests.xctest */,
				4C78EE7628DE1D2200306D58 /* UVMapUITests.xctest */,
			);
			name = Products;
			sourceTree = "<group>";
		};
		4C78EE5E28DE1D1E00306D58 /* UVMap */ = {
			isa = PBXGroup;
			children = (
				4C78EE5F28DE1D1E00306D58 /* UVMapApp.swift */,
				4C78EE8928DE1E6500306D58 /* Views */,
				4C78EE6328DE1D2200306D58 /* Assets.xcassets */,
				4C78EE6528DE1D2200306D58 /* Preview Content */,
			);
			path = UVMap;
			sourceTree = "<group>";
		};
		4C78EE6528DE1D2200306D58 /* Preview Content */ = {
			isa = PBXGroup;
			children = (
				4C78EE6628DE1D2200306D58 /* Preview Assets.xcassets */,
			);
			path = "Preview Content";
			sourceTree = "<group>";
		};
		4C78EE6F28DE1D2200306D58 /* UVMapTests */ = {
			isa = PBXGroup;
			children = (
				4C78EE7028DE1D2200306D58 /* UVMapTests.swift */,
			);
			path = UVMapTests;
			sourceTree = "<group>";
		};
		4C78EE7928DE1D2200306D58 /* UVMapUITests */ = {
			isa = PBXGroup;
			children = (
				4C78EE7A28DE1D2200306D58 /* UVMapUITests.swift */,
				4C78EE7C28DE1D2200306D58 /* UVMapUITestsLaunchTests.swift */,
			);
			path = UVMapUITests;
			sourceTree = "<group>";
		};
		4C78EE8928DE1E6500306D58 /* Views */ = {
			isa = PBXGroup;
			children = (
				4C78EE6128DE1D1E00306D58 /* ContentView.swift */,
				4C78EE9B28E223C900306D58 /* Navigation View */,
				4C78EE8D28DE1EA700306D58 /* Login View */,
				4C78EE8C28DE1E9900306D58 /* Settings View */,
				4C78EE8B28DE1E8C00306D58 /* Schedule View */,
				4C78EE8A28DE1E7C00306D58 /* Map View */,
			);
			path = Views;
			sourceTree = "<group>";
		};
		4C78EE8A28DE1E7C00306D58 /* Map View */ = {
			isa = PBXGroup;
			children = (
				4C78EE8E28DE1F4400306D58 /* MapView.swift */,
				4C36C83728E4CC2500207EC5 /* BottomWindow.swift */,
				4C36C83F28E61F7F00207EC5 /* BottomWindowMinimized.swift */,
				4C36C83928E4CC9500207EC5 /* WalkBikeOption.swift */,
				4C36C83128E4C5F700207EC5 /* NextClass.swift */,
				4C36C83528E4CB0700207EC5 /* ClassBuilding.swift */,
				4C36C83D28E5E65300207EC5 /* TripInformation.swift */,
				4C36C83B28E5E46100207EC5 /* StartButton.swift */,
				4C36C83328E4C72800207EC5 /* ClassTime.swift */,
				4C78EEA028E2263400306D58 /* SearchBar.swift */,
				4C78EE9E28E2253B00306D58 /* TheMap.swift */,
			);
			path = "Map View";
			sourceTree = "<group>";
		};
		4C78EE8B28DE1E8C00306D58 /* Schedule View */ = {
			isa = PBXGroup;
			children = (
				4C78EE9628DF652E00306D58 /* ScheduleView.swift */,
			);
			path = "Schedule View";
			sourceTree = "<group>";
		};
		4C78EE8C28DE1E9900306D58 /* Settings View */ = {
			isa = PBXGroup;
			children = (
				4C78EE9428DF650D00306D58 /* SettingsView.swift */,
			);
			path = "Settings View";
			sourceTree = "<group>";
		};
		4C78EE8D28DE1EA700306D58 /* Login View */ = {
			isa = PBXGroup;
			children = (
				4C78EE9028DE211B00306D58 /* LoginView.swift */,
				4C78EE9228DE9D2C00306D58 /* InnerBox.swift */,
				4C36C82D28E34A3000207EC5 /* LoginButton.swift */,
				4C36C82B28E347BC00207EC5 /* PasswordView.swift */,
				4C36C82928E3463C00207EC5 /* UsernameView.swift */,
			);
			path = "Login View";
			sourceTree = "<group>";
		};
		4C78EE9B28E223C900306D58 /* Navigation View */ = {
			isa = PBXGroup;
			children = (
				4C78EE9C28E223E000306D58 /* BottomNavigation.swift */,
				4C36C82728E3427300207EC5 /* MainNavigation.swift */,
			);
			path = "Navigation View";
			sourceTree = "<group>";
		};
/* End PBXGroup section */

/* Begin PBXNativeTarget section */
		4C78EE5B28DE1D1E00306D58 /* UVMap */ = {
			isa = PBXNativeTarget;
			buildConfigurationList = 4C78EE8028DE1D2200306D58 /* Build configuration list for PBXNativeTarget "UVMap" */;
			buildPhases = (
				4C78EE5828DE1D1E00306D58 /* Sources */,
				4C78EE5928DE1D1E00306D58 /* Frameworks */,
				4C78EE5A28DE1D1E00306D58 /* Resources */,
			);
			buildRules = (
			);
			dependencies = (
			);
			name = UVMap;
			productName = UVMap;
			productReference = 4C78EE5C28DE1D1E00306D58 /* UVMap.app */;
			productType = "com.apple.product-type.application";
		};
		4C78EE6B28DE1D2200306D58 /* UVMapTests */ = {
			isa = PBXNativeTarget;
			buildConfigurationList = 4C78EE8328DE1D2200306D58 /* Build configuration list for PBXNativeTarget "UVMapTests" */;
			buildPhases = (
				4C78EE6828DE1D2200306D58 /* Sources */,
				4C78EE6928DE1D2200306D58 /* Frameworks */,
				4C78EE6A28DE1D2200306D58 /* Resources */,
			);
			buildRules = (
			);
			dependencies = (
				4C78EE6E28DE1D2200306D58 /* PBXTargetDependency */,
			);
			name = UVMapTests;
			productName = UVMapTests;
			productReference = 4C78EE6C28DE1D2200306D58 /* UVMapTests.xctest */;
			productType = "com.apple.product-type.bundle.unit-test";
		};
		4C78EE7528DE1D2200306D58 /* UVMapUITests */ = {
			isa = PBXNativeTarget;
			buildConfigurationList = 4C78EE8628DE1D2200306D58 /* Build configuration list for PBXNativeTarget "UVMapUITests" */;
			buildPhases = (
				4C78EE7228DE1D2200306D58 /* Sources */,
				4C78EE7328DE1D2200306D58 /* Frameworks */,
				4C78EE7428DE1D2200306D58 /* Resources */,
			);
			buildRules = (
			);
			dependencies = (
				4C78EE7828DE1D2200306D58 /* PBXTargetDependency */,
			);
			name = UVMapUITests;
			productName = UVMapUITests;
			productReference = 4C78EE7628DE1D2200306D58 /* UVMapUITests.xctest */;
			productType = "com.apple.product-type.bundle.ui-testing";
		};
/* End PBXNativeTarget section */

/* Begin PBXProject section */
		4C78EE5428DE1D1E00306D58 /* Project object */ = {
			isa = PBXProject;
			attributes = {
				BuildIndependentTargetsInParallel = 1;
				LastSwiftUpdateCheck = 1340;
				LastUpgradeCheck = 1340;
				TargetAttributes = {
					4C78EE5B28DE1D1E00306D58 = {
						CreatedOnToolsVersion = 13.4.1;
					};
					4C78EE6B28DE1D2200306D58 = {
						CreatedOnToolsVersion = 13.4.1;
						TestTargetID = 4C78EE5B28DE1D1E00306D58;
					};
					4C78EE7528DE1D2200306D58 = {
						CreatedOnToolsVersion = 13.4.1;
						TestTargetID = 4C78EE5B28DE1D1E00306D58;
					};
				};
			};
			buildConfigurationList = 4C78EE5728DE1D1E00306D58 /* Build configuration list for PBXProject "UVMap" */;
			compatibilityVersion = "Xcode 13.0";
			developmentRegion = en;
			hasScannedForEncodings = 0;
			knownRegions = (
				en,
				Base,
			);
			mainGroup = 4C78EE5328DE1D1E00306D58;
			productRefGroup = 4C78EE5D28DE1D1E00306D58 /* Products */;
			projectDirPath = "";
			projectRoot = "";
			targets = (
				4C78EE5B28DE1D1E00306D58 /* UVMap */,
				4C78EE6B28DE1D2200306D58 /* UVMapTests */,
				4C78EE7528DE1D2200306D58 /* UVMapUITests */,
			);
		};
/* End PBXProject section */

/* Begin PBXResourcesBuildPhase section */
		4C78EE5A28DE1D1E00306D58 /* Resources */ = {
			isa = PBXResourcesBuildPhase;
			buildActionMask = 2147483647;
			files = (
				4C78EE6728DE1D2200306D58 /* Preview Assets.xcassets in Resources */,
				4C78EE6428DE1D2200306D58 /* Assets.xcassets in Resources */,
			);
			runOnlyForDeploymentPostprocessing = 0;
		};
		4C78EE6A28DE1D2200306D58 /* Resources */ = {
			isa = PBXResourcesBuildPhase;
			buildActionMask = 2147483647;
			files = (
			);
			runOnlyForDeploymentPostprocessing = 0;
		};
		4C78EE7428DE1D2200306D58 /* Resources */ = {
			isa = PBXResourcesBuildPhase;
			buildActionMask = 2147483647;
			files = (
			);
			runOnlyForDeploymentPostprocessing = 0;
		};
/* End PBXResourcesBuildPhase section */

/* Begin PBXSourcesBuildPhase section */
		4C78EE5828DE1D1E00306D58 /* Sources */ = {
			isa = PBXSourcesBuildPhase;
			buildActionMask = 2147483647;
			files = (
				4C36C83828E4CC2500207EC5 /* BottomWindow.swift in Sources */,
				4C36C83428E4C72800207EC5 /* ClassTime.swift in Sources */,
				4C36C83C28E5E46100207EC5 /* StartButton.swift in Sources */,
				4C36C82A28E3463C00207EC5 /* UsernameView.swift in Sources */,
				4C36C83628E4CB0700207EC5 /* ClassBuilding.swift in Sources */,
				4C36C82828E3427300207EC5 /* MainNavigation.swift in Sources */,
				4C78EE6228DE1D1E00306D58 /* ContentView.swift in Sources */,
				4C36C84028E61F7F00207EC5 /* BottomWindowMinimized.swift in Sources */,
				4C78EE9328DE9D2D00306D58 /* InnerBox.swift in Sources */,
				4C36C83A28E4CC9500207EC5 /* WalkBikeOption.swift in Sources */,
				4C36C82C28E347BC00207EC5 /* PasswordView.swift in Sources */,
				4C78EE8F28DE1F4400306D58 /* MapView.swift in Sources */,
				4C78EE9728DF652E00306D58 /* ScheduleView.swift in Sources */,
				4C78EE9528DF650D00306D58 /* SettingsView.swift in Sources */,
				4C78EE9128DE211B00306D58 /* LoginView.swift in Sources */,
				4C36C83E28E5E65300207EC5 /* TripInformation.swift in Sources */,
				4C36C82E28E34A3000207EC5 /* LoginButton.swift in Sources */,
				4C78EE9D28E223E000306D58 /* BottomNavigation.swift in Sources */,
				4C78EEA128E2263400306D58 /* SearchBar.swift in Sources */,
				4C78EE6028DE1D1E00306D58 /* UVMapApp.swift in Sources */,
				4C78EE9F28E2253B00306D58 /* TheMap.swift in Sources */,
				4C36C83228E4C5F700207EC5 /* NextClass.swift in Sources */,
			);
			runOnlyForDeploymentPostprocessing = 0;
		};
		4C78EE6828DE1D2200306D58 /* Sources */ = {
			isa = PBXSourcesBuildPhase;
			buildActionMask = 2147483647;
			files = (
				4C78EE7128DE1D2200306D58 /* UVMapTests.swift in Sources */,
			);
			runOnlyForDeploymentPostprocessing = 0;
		};
		4C78EE7228DE1D2200306D58 /* Sources */ = {
			isa = PBXSourcesBuildPhase;
			buildActionMask = 2147483647;
			files = (
				4C78EE7D28DE1D2200306D58 /* UVMapUITestsLaunchTests.swift in Sources */,
				4C78EE7B28DE1D2200306D58 /* UVMapUITests.swift in Sources */,
			);
			runOnlyForDeploymentPostprocessing = 0;
		};
/* End PBXSourcesBuildPhase section */

/* Begin PBXTargetDependency section */
		4C78EE6E28DE1D2200306D58 /* PBXTargetDependency */ = {
			isa = PBXTargetDependency;
			target = 4C78EE5B28DE1D1E00306D58 /* UVMap */;
			targetProxy = 4C78EE6D28DE1D2200306D58 /* PBXContainerItemProxy */;
		};
		4C78EE7828DE1D2200306D58 /* PBXTargetDependency */ = {
			isa = PBXTargetDependency;
			target = 4C78EE5B28DE1D1E00306D58 /* UVMap */;
			targetProxy = 4C78EE7728DE1D2200306D58 /* PBXContainerItemProxy */;
		};
/* End PBXTargetDependency section */

/* Begin XCBuildConfiguration section */
		4C78EE7E28DE1D2200306D58 /* Debug */ = {
			isa = XCBuildConfiguration;
			buildSettings = {
				ALWAYS_SEARCH_USER_PATHS = NO;
				CLANG_ANALYZER_NONNULL = YES;
				CLANG_ANALYZER_NUMBER_OBJECT_CONVERSION = YES_AGGRESSIVE;
				CLANG_CXX_LANGUAGE_STANDARD = "gnu++17";
				CLANG_ENABLE_MODULES = YES;
				CLANG_ENABLE_OBJC_ARC = YES;
				CLANG_ENABLE_OBJC_WEAK = YES;
				CLANG_WARN_BLOCK_CAPTURE_AUTORELEASING = YES;
				CLANG_WARN_BOOL_CONVERSION = YES;
				CLANG_WARN_COMMA = YES;
				CLANG_WARN_CONSTANT_CONVERSION = YES;
				CLANG_WARN_DEPRECATED_OBJC_IMPLEMENTATIONS = YES;
				CLANG_WARN_DIRECT_OBJC_ISA_USAGE = YES_ERROR;
				CLANG_WARN_DOCUMENTATION_COMMENTS = YES;
				CLANG_WARN_EMPTY_BODY = YES;
				CLANG_WARN_ENUM_CONVERSION = YES;
				CLANG_WARN_INFINITE_RECURSION = YES;
				CLANG_WARN_INT_CONVERSION = YES;
				CLANG_WARN_NON_LITERAL_NULL_CONVERSION = YES;
				CLANG_WARN_OBJC_IMPLICIT_RETAIN_SELF = YES;
				CLANG_WARN_OBJC_LITERAL_CONVERSION = YES;
				CLANG_WARN_OBJC_ROOT_CLASS = YES_ERROR;
				CLANG_WARN_QUOTED_INCLUDE_IN_FRAMEWORK_HEADER = YES;
				CLANG_WARN_RANGE_LOOP_ANALYSIS = YES;
				CLANG_WARN_STRICT_PROTOTYPES = YES;
				CLANG_WARN_SUSPICIOUS_MOVE = YES;
				CLANG_WARN_UNGUARDED_AVAILABILITY = YES_AGGRESSIVE;
				CLANG_WARN_UNREACHABLE_CODE = YES;
				CLANG_WARN__DUPLICATE_METHOD_MATCH = YES;
				COPY_PHASE_STRIP = NO;
				DEBUG_INFORMATION_FORMAT = dwarf;
				ENABLE_STRICT_OBJC_MSGSEND = YES;
				ENABLE_TESTABILITY = YES;
				GCC_C_LANGUAGE_STANDARD = gnu11;
				GCC_DYNAMIC_NO_PIC = NO;
				GCC_NO_COMMON_BLOCKS = YES;
				GCC_OPTIMIZATION_LEVEL = 0;
				GCC_PREPROCESSOR_DEFINITIONS = (
					"DEBUG=1",
					"$(inherited)",
				);
				GCC_WARN_64_TO_32_BIT_CONVERSION = YES;
				GCC_WARN_ABOUT_RETURN_TYPE = YES_ERROR;
				GCC_WARN_UNDECLARED_SELECTOR = YES;
				GCC_WARN_UNINITIALIZED_AUTOS = YES_AGGRESSIVE;
				GCC_WARN_UNUSED_FUNCTION = YES;
				GCC_WARN_UNUSED_VARIABLE = YES;
				IPHONEOS_DEPLOYMENT_TARGET = 15.5;
				MTL_ENABLE_DEBUG_INFO = INCLUDE_SOURCE;
				MTL_FAST_MATH = YES;
				ONLY_ACTIVE_ARCH = YES;
				SDKROOT = iphoneos;
				SWIFT_ACTIVE_COMPILATION_CONDITIONS = DEBUG;
				SWIFT_OPTIMIZATION_LEVEL = "-Onone";
			};
			name = Debug;
		};
		4C78EE7F28DE1D2200306D58 /* Release */ = {
			isa = XCBuildConfiguration;
			buildSettings = {
				ALWAYS_SEARCH_USER_PATHS = NO;
				CLANG_ANALYZER_NONNULL = YES;
				CLANG_ANALYZER_NUMBER_OBJECT_CONVERSION = YES_AGGRESSIVE;
				CLANG_CXX_LANGUAGE_STANDARD = "gnu++17";
				CLANG_ENABLE_MODULES = YES;
				CLANG_ENABLE_OBJC_ARC = YES;
				CLANG_ENABLE_OBJC_WEAK = YES;
				CLANG_WARN_BLOCK_CAPTURE_AUTORELEASING = YES;
				CLANG_WARN_BOOL_CONVERSION = YES;
				CLANG_WARN_COMMA = YES;
				CLANG_WARN_CONSTANT_CONVERSION = YES;
				CLANG_WARN_DEPRECATED_OBJC_IMPLEMENTATIONS = YES;
				CLANG_WARN_DIRECT_OBJC_ISA_USAGE = YES_ERROR;
				CLANG_WARN_DOCUMENTATION_COMMENTS = YES;
				CLANG_WARN_EMPTY_BODY = YES;
				CLANG_WARN_ENUM_CONVERSION = YES;
				CLANG_WARN_INFINITE_RECURSION = YES;
				CLANG_WARN_INT_CONVERSION = YES;
				CLANG_WARN_NON_LITERAL_NULL_CONVERSION = YES;
				CLANG_WARN_OBJC_IMPLICIT_RETAIN_SELF = YES;
				CLANG_WARN_OBJC_LITERAL_CONVERSION = YES;
				CLANG_WARN_OBJC_ROOT_CLASS = YES_ERROR;
				CLANG_WARN_QUOTED_INCLUDE_IN_FRAMEWORK_HEADER = YES;
				CLANG_WARN_RANGE_LOOP_ANALYSIS = YES;
				CLANG_WARN_STRICT_PROTOTYPES = YES;
				CLANG_WARN_SUSPICIOUS_MOVE = YES;
				CLANG_WARN_UNGUARDED_AVAILABILITY = YES_AGGRESSIVE;
				CLANG_WARN_UNREACHABLE_CODE = YES;
				CLANG_WARN__DUPLICATE_METHOD_MATCH = YES;
				COPY_PHASE_STRIP = NO;
				DEBUG_INFORMATION_FORMAT = "dwarf-with-dsym";
				ENABLE_NS_ASSERTIONS = NO;
				ENABLE_STRICT_OBJC_MSGSEND = YES;
				GCC_C_LANGUAGE_STANDARD = gnu11;
				GCC_NO_COMMON_BLOCKS = YES;
				GCC_WARN_64_TO_32_BIT_CONVERSION = YES;
				GCC_WARN_ABOUT_RETURN_TYPE = YES_ERROR;
				GCC_WARN_UNDECLARED_SELECTOR = YES;
				GCC_WARN_UNINITIALIZED_AUTOS = YES_AGGRESSIVE;
				GCC_WARN_UNUSED_FUNCTION = YES;
				GCC_WARN_UNUSED_VARIABLE = YES;
				IPHONEOS_DEPLOYMENT_TARGET = 15.5;
				MTL_ENABLE_DEBUG_INFO = NO;
				MTL_FAST_MATH = YES;
				SDKROOT = iphoneos;
				SWIFT_COMPILATION_MODE = wholemodule;
				SWIFT_OPTIMIZATION_LEVEL = "-O";
				VALIDATE_PRODUCT = YES;
			};
			name = Release;
		};
		4C78EE8128DE1D2200306D58 /* Debug */ = {
			isa = XCBuildConfiguration;
			buildSettings = {
				ASSETCATALOG_COMPILER_APPICON_NAME = AppIcon;
				ASSETCATALOG_COMPILER_GLOBAL_ACCENT_COLOR_NAME = AccentColor;
				CODE_SIGN_STYLE = Automatic;
				CURRENT_PROJECT_VERSION = 1;
				DEVELOPMENT_ASSET_PATHS = "\"UVMap/Preview Content\"";
				DEVELOPMENT_TEAM = P4T7H3MJYN;
				ENABLE_PREVIEWS = YES;
				GENERATE_INFOPLIST_FILE = YES;
				INFOPLIST_KEY_NSLocationWhenInUseUsageDescription = "This app needs your location to accurately guide you to class";
				INFOPLIST_KEY_UIApplicationSceneManifest_Generation = YES;
				INFOPLIST_KEY_UIApplicationSupportsIndirectInputEvents = YES;
				INFOPLIST_KEY_UILaunchScreen_Generation = YES;
				INFOPLIST_KEY_UISupportedInterfaceOrientations_iPad = "UIInterfaceOrientationPortrait UIInterfaceOrientationPortraitUpsideDown UIInterfaceOrientationLandscapeLeft UIInterfaceOrientationLandscapeRight";
				INFOPLIST_KEY_UISupportedInterfaceOrientations_iPhone = "UIInterfaceOrientationPortrait UIInterfaceOrientationLandscapeLeft UIInterfaceOrientationLandscapeRight";
				LD_RUNPATH_SEARCH_PATHS = (
					"$(inherited)",
					"@executable_path/Frameworks",
				);
				MARKETING_VERSION = 1.0;
				PRODUCT_BUNDLE_IDENTIFIER = "Ty-Allembert.UVMap";
				PRODUCT_NAME = "$(TARGET_NAME)";
				SWIFT_EMIT_LOC_STRINGS = YES;
				SWIFT_VERSION = 5.0;
				TARGETED_DEVICE_FAMILY = "1,2";
			};
			name = Debug;
		};
		4C78EE8228DE1D2200306D58 /* Release */ = {
			isa = XCBuildConfiguration;
			buildSettings = {
				ASSETCATALOG_COMPILER_APPICON_NAME = AppIcon;
				ASSETCATALOG_COMPILER_GLOBAL_ACCENT_COLOR_NAME = AccentColor;
				CODE_SIGN_STYLE = Automatic;
				CURRENT_PROJECT_VERSION = 1;
				DEVELOPMENT_ASSET_PATHS = "\"UVMap/Preview Content\"";
				DEVELOPMENT_TEAM = P4T7H3MJYN;
				ENABLE_PREVIEWS = YES;
				GENERATE_INFOPLIST_FILE = YES;
				INFOPLIST_KEY_NSLocationWhenInUseUsageDescription = "This app needs your location to accurately guide you to class";
				INFOPLIST_KEY_UIApplicationSceneManifest_Generation = YES;
				INFOPLIST_KEY_UIApplicationSupportsIndirectInputEvents = YES;
				INFOPLIST_KEY_UILaunchScreen_Generation = YES;
				INFOPLIST_KEY_UISupportedInterfaceOrientations_iPad = "UIInterfaceOrientationPortrait UIInterfaceOrientationPortraitUpsideDown UIInterfaceOrientationLandscapeLeft UIInterfaceOrientationLandscapeRight";
				INFOPLIST_KEY_UISupportedInterfaceOrientations_iPhone = "UIInterfaceOrientationPortrait UIInterfaceOrientationLandscapeLeft UIInterfaceOrientationLandscapeRight";
				LD_RUNPATH_SEARCH_PATHS = (
					"$(inherited)",
					"@executable_path/Frameworks",
				);
				MARKETING_VERSION = 1.0;
				PRODUCT_BUNDLE_IDENTIFIER = "Ty-Allembert.UVMap";
				PRODUCT_NAME = "$(TARGET_NAME)";
				SWIFT_EMIT_LOC_STRINGS = YES;
				SWIFT_VERSION = 5.0;
				TARGETED_DEVICE_FAMILY = "1,2";
			};
			name = Release;
		};
		4C78EE8428DE1D2200306D58 /* Debug */ = {
			isa = XCBuildConfiguration;
			buildSettings = {
				ALWAYS_EMBED_SWIFT_STANDARD_LIBRARIES = YES;
				BUNDLE_LOADER = "$(TEST_HOST)";
				CODE_SIGN_STYLE = Automatic;
				CURRENT_PROJECT_VERSION = 1;
				DEVELOPMENT_TEAM = P4T7H3MJYN;
				GENERATE_INFOPLIST_FILE = YES;
				IPHONEOS_DEPLOYMENT_TARGET = 15.5;
				MARKETING_VERSION = 1.0;
				PRODUCT_BUNDLE_IDENTIFIER = "Ty-Allembert.UVMapTests";
				PRODUCT_NAME = "$(TARGET_NAME)";
				SWIFT_EMIT_LOC_STRINGS = NO;
				SWIFT_VERSION = 5.0;
				TARGETED_DEVICE_FAMILY = "1,2";
				TEST_HOST = "$(BUILT_PRODUCTS_DIR)/UVMap.app/UVMap";
			};
			name = Debug;
		};
		4C78EE8528DE1D2200306D58 /* Release */ = {
			isa = XCBuildConfiguration;
			buildSettings = {
				ALWAYS_EMBED_SWIFT_STANDARD_LIBRARIES = YES;
				BUNDLE_LOADER = "$(TEST_HOST)";
				CODE_SIGN_STYLE = Automatic;
				CURRENT_PROJECT_VERSION = 1;
				DEVELOPMENT_TEAM = P4T7H3MJYN;
				GENERATE_INFOPLIST_FILE = YES;
				IPHONEOS_DEPLOYMENT_TARGET = 15.5;
				MARKETING_VERSION = 1.0;
				PRODUCT_BUNDLE_IDENTIFIER = "Ty-Allembert.UVMapTests";
				PRODUCT_NAME = "$(TARGET_NAME)";
				SWIFT_EMIT_LOC_STRINGS = NO;
				SWIFT_VERSION = 5.0;
				TARGETED_DEVICE_FAMILY = "1,2";
				TEST_HOST = "$(BUILT_PRODUCTS_DIR)/UVMap.app/UVMap";
			};
			name = Release;
		};
		4C78EE8728DE1D2200306D58 /* Debug */ = {
			isa = XCBuildConfiguration;
			buildSettings = {
				ALWAYS_EMBED_SWIFT_STANDARD_LIBRARIES = YES;
				CODE_SIGN_STYLE = Automatic;
				CURRENT_PROJECT_VERSION = 1;
				DEVELOPMENT_TEAM = P4T7H3MJYN;
				GENERATE_INFOPLIST_FILE = YES;
				MARKETING_VERSION = 1.0;
				PRODUCT_BUNDLE_IDENTIFIER = "Ty-Allembert.UVMapUITests";
				PRODUCT_NAME = "$(TARGET_NAME)";
				SWIFT_EMIT_LOC_STRINGS = NO;
				SWIFT_VERSION = 5.0;
				TARGETED_DEVICE_FAMILY = "1,2";
				TEST_TARGET_NAME = UVMap;
			};
			name = Debug;
		};
		4C78EE8828DE1D2200306D58 /* Release */ = {
			isa = XCBuildConfiguration;
			buildSettings = {
				ALWAYS_EMBED_SWIFT_STANDARD_LIBRARIES = YES;
				CODE_SIGN_STYLE = Automatic;
				CURRENT_PROJECT_VERSION = 1;
				DEVELOPMENT_TEAM = P4T7H3MJYN;
				GENERATE_INFOPLIST_FILE = YES;
				MARKETING_VERSION = 1.0;
				PRODUCT_BUNDLE_IDENTIFIER = "Ty-Allembert.UVMapUITests";
				PRODUCT_NAME = "$(TARGET_NAME)";
				SWIFT_EMIT_LOC_STRINGS = NO;
				SWIFT_VERSION = 5.0;
				TARGETED_DEVICE_FAMILY = "1,2";
				TEST_TARGET_NAME = UVMap;
			};
			name = Release;
		};
/* End XCBuildConfiguration section */

/* Begin XCConfigurationList section */
		4C78EE5728DE1D1E00306D58 /* Build configuration list for PBXProject "UVMap" */ = {
			isa = XCConfigurationList;
			buildConfigurations = (
				4C78EE7E28DE1D2200306D58 /* Debug */,
				4C78EE7F28DE1D2200306D58 /* Release */,
			);
			defaultConfigurationIsVisible = 0;
			defaultConfigurationName = Release;
		};
		4C78EE8028DE1D2200306D58 /* Build configuration list for PBXNativeTarget "UVMap" */ = {
			isa = XCConfigurationList;
			buildConfigurations = (
				4C78EE8128DE1D2200306D58 /* Debug */,
				4C78EE8228DE1D2200306D58 /* Release */,
			);
			defaultConfigurationIsVisible = 0;
			defaultConfigurationName = Release;
		};
		4C78EE8328DE1D2200306D58 /* Build configuration list for PBXNativeTarget "UVMapTests" */ = {
			isa = XCConfigurationList;
			buildConfigurations = (
				4C78EE8428DE1D2200306D58 /* Debug */,
				4C78EE8528DE1D2200306D58 /* Release */,
			);
			defaultConfigurationIsVisible = 0;
			defaultConfigurationName = Release;
		};
		4C78EE8628DE1D2200306D58 /* Build configuration list for PBXNativeTarget "UVMapUITests" */ = {
			isa = XCConfigurationList;
			buildConfigurations = (
				4C78EE8728DE1D2200306D58 /* Debug */,
				4C78EE8828DE1D2200306D58 /* Release */,
			);
			defaultConfigurationIsVisible = 0;
			defaultConfigurationName = Release;
		};
/* End XCConfigurationList section */
	};
	rootObject = 4C78EE5428DE1D1E00306D58 /* Project object */;
}
